// !$*UTF8*$!
{
	archiveVersion = 1;
	classes = {
	};
	objectVersion = 46;
	objects = {

/* Begin PBXBuildFile section */
		132B32F5237599E000AEDD93 /* OSECameraComponentError.m in Sources */ = {isa = PBXBuildFile; fileRef = 132B32F4237599E000AEDD93 /* OSECameraComponentError.m */; };
		13535B6D25A87B8600EABEFA /* JSONUtils.h in Headers */ = {isa = PBXBuildFile; fileRef = 13535B3225A8704A00EABEFA /* JSONUtils.h */; };
		13535B6E25A87B8600EABEFA /* MessageProcessor.h in Headers */ = {isa = PBXBuildFile; fileRef = 13535B3325A8704A00EABEFA /* MessageProcessor.h */; };
		13535B6F25A87B8600EABEFA /* IURLHandler.h in Headers */ = {isa = PBXBuildFile; fileRef = 13535B3425A8704A00EABEFA /* IURLHandler.h */; };
		13535B7025A87B8600EABEFA /* ApplicationUtil.h in Headers */ = {isa = PBXBuildFile; fileRef = 13535B3525A8704A00EABEFA /* ApplicationUtil.h */; };
		13535B7125A87B8600EABEFA /* CuemeWebViewConfigurator.h in Headers */ = {isa = PBXBuildFile; fileRef = 13535B3625A8704A00EABEFA /* CuemeWebViewConfigurator.h */; };
		13535B7225A87B8600EABEFA /* PropertyReader.h in Headers */ = {isa = PBXBuildFile; fileRef = 13535B3725A8704A00EABEFA /* PropertyReader.h */; };
		13535B7325A87B8600EABEFA /* URLAgent.h in Headers */ = {isa = PBXBuildFile; fileRef = 13535B3825A8704A00EABEFA /* URLAgent.h */; };
		13535B7425A87B8600EABEFA /* FileUtils.h in Headers */ = {isa = PBXBuildFile; fileRef = 13535B3925A8704A00EABEFA /* FileUtils.h */; };
		13535B7525A87B8600EABEFA /* IResourceEncryptionHandler.h in Headers */ = {isa = PBXBuildFile; fileRef = 13535B3A25A8704A00EABEFA /* IResourceEncryptionHandler.h */; };
		13535B7625A87B8600EABEFA /* Base64Util.h in Headers */ = {isa = PBXBuildFile; fileRef = 13535B3B25A8704A00EABEFA /* Base64Util.h */; };
		13535B7725A87B8600EABEFA /* StringUtil.h in Headers */ = {isa = PBXBuildFile; fileRef = 13535B3C25A8704A00EABEFA /* StringUtil.h */; };
		13535B7825A87B8600EABEFA /* IUrlCallback.h in Headers */ = {isa = PBXBuildFile; fileRef = 13535B3D25A8704A00EABEFA /* IUrlCallback.h */; };
		13535B7925A87B8600EABEFA /* JSONObject.h in Headers */ = {isa = PBXBuildFile; fileRef = 13535B3E25A8704A00EABEFA /* JSONObject.h */; };
		13535B7A25A87B8600EABEFA /* Database.h in Headers */ = {isa = PBXBuildFile; fileRef = 13535B3F25A8704A00EABEFA /* Database.h */; };
		13535B7B25A87B8600EABEFA /* JSONArray.h in Headers */ = {isa = PBXBuildFile; fileRef = 13535B4025A8704A00EABEFA /* JSONArray.h */; };
		13535B7C25A87B8600EABEFA /* HttpAgent.h in Headers */ = {isa = PBXBuildFile; fileRef = 13535B4125A8704A00EABEFA /* HttpAgent.h */; };
		13535B7D25A87B8600EABEFA /* URLUtils.h in Headers */ = {isa = PBXBuildFile; fileRef = 13535B4225A8704A00EABEFA /* URLUtils.h */; };
		13535B7E25A87B8600EABEFA /* MessageQueue.h in Headers */ = {isa = PBXBuildFile; fileRef = 13535B4325A8704A00EABEFA /* MessageQueue.h */; };
		13535B7F25A87B8600EABEFA /* IApplicationContext.h in Headers */ = {isa = PBXBuildFile; fileRef = 13535B4425A8704B00EABEFA /* IApplicationContext.h */; };
		13535B8025A87B8600EABEFA /* QueryResults.h in Headers */ = {isa = PBXBuildFile; fileRef = 13535B4525A8704B00EABEFA /* QueryResults.h */; };
		13535B8125A87B8600EABEFA /* Logger.h in Headers */ = {isa = PBXBuildFile; fileRef = 13535B4625A8704B00EABEFA /* Logger.h */; };
		13535B8225A87B8600EABEFA /* DMUtils.h in Headers */ = {isa = PBXBuildFile; fileRef = 13535B4725A8704B00EABEFA /* DMUtils.h */; };
		13535B8325A87B8600EABEFA /* CoreDevUtil.h in Headers */ = {isa = PBXBuildFile; fileRef = 13535B4825A8704B00EABEFA /* CoreDevUtil.h */; };
		13535B8425A87B8600EABEFA /* StoreManager.h in Headers */ = {isa = PBXBuildFile; fileRef = 13535B4925A8704B00EABEFA /* StoreManager.h */; };
		13535B8725A87B9600EABEFA /* ICuemeAuthenticator.h in Headers */ = {isa = PBXBuildFile; fileRef = 13535B4B25A8704B00EABEFA /* ICuemeAuthenticator.h */; };
		13535B8825A87B9600EABEFA /* IContainerSplash.h in Headers */ = {isa = PBXBuildFile; fileRef = 13535B4C25A8704B00EABEFA /* IContainerSplash.h */; };
		13535B8925A87B9600EABEFA /* CuemeAnalytics.h in Headers */ = {isa = PBXBuildFile; fileRef = 13535B4D25A8704B00EABEFA /* CuemeAnalytics.h */; };
		13535B8A25A87B9600EABEFA /* CuemeWorkbench.h in Headers */ = {isa = PBXBuildFile; fileRef = 13535B4E25A8704B00EABEFA /* CuemeWorkbench.h */; };
		13535B8D25A87BAB00EABEFA /* AudioUtil.h in Headers */ = {isa = PBXBuildFile; fileRef = 13535B5025A8704B00EABEFA /* AudioUtil.h */; };
		13535B8E25A87BAB00EABEFA /* BarcodeView.h in Headers */ = {isa = PBXBuildFile; fileRef = 13535B5125A8704B00EABEFA /* BarcodeView.h */; };
		13535B8F25A87BAB00EABEFA /* TTSDelegate.h in Headers */ = {isa = PBXBuildFile; fileRef = 13535B5225A8704B00EABEFA /* TTSDelegate.h */; };
		13535B9025A87BAB00EABEFA /* CameraHandlerDelegate.h in Headers */ = {isa = PBXBuildFile; fileRef = 13535B5325A8704B00EABEFA /* CameraHandlerDelegate.h */; };
		13535B9125A87BAB00EABEFA /* SpeechEncoding.h in Headers */ = {isa = PBXBuildFile; fileRef = 13535B5425A8704B00EABEFA /* SpeechEncoding.h */; };
		13535B9225A87BAB00EABEFA /* CameraHandler.h in Headers */ = {isa = PBXBuildFile; fileRef = 13535B5525A8704B00EABEFA /* CameraHandler.h */; };
		13535B9325A87BAB00EABEFA /* CameraBarcodeScanner.h in Headers */ = {isa = PBXBuildFile; fileRef = 13535B5625A8704B00EABEFA /* CameraBarcodeScanner.h */; };
		13535B9425A87BAB00EABEFA /* AudioRecorder.h in Headers */ = {isa = PBXBuildFile; fileRef = 13535B5725A8704B00EABEFA /* AudioRecorder.h */; };
		13535B9525A87BAB00EABEFA /* BarcodeScannerDelegate.h in Headers */ = {isa = PBXBuildFile; fileRef = 13535B5825A8704B00EABEFA /* BarcodeScannerDelegate.h */; };
		13535B9625A87BAB00EABEFA /* IPlayerCallback.h in Headers */ = {isa = PBXBuildFile; fileRef = 13535B5925A8704B00EABEFA /* IPlayerCallback.h */; };
		13535B9725A87BAB00EABEFA /* AudioPlayer.h in Headers */ = {isa = PBXBuildFile; fileRef = 13535B5A25A8704B00EABEFA /* AudioPlayer.h */; };
		13535B9825A87BAB00EABEFA /* TonePlayer.h in Headers */ = {isa = PBXBuildFile; fileRef = 13535B5B25A8704B00EABEFA /* TonePlayer.h */; };
		13535B9925A87BAB00EABEFA /* ImageUtils.h in Headers */ = {isa = PBXBuildFile; fileRef = 13535B5C25A8704B00EABEFA /* ImageUtils.h */; };
		13535B9A25A87BAB00EABEFA /* BarcodeUIDelegate.h in Headers */ = {isa = PBXBuildFile; fileRef = 13535B5D25A8704B00EABEFA /* BarcodeUIDelegate.h */; };
		13535B9B25A87BAB00EABEFA /* iOSLocalTTSPlayer.h in Headers */ = {isa = PBXBuildFile; fileRef = 13535B5E25A8704B00EABEFA /* iOSLocalTTSPlayer.h */; };
		13535B9C25A87BAB00EABEFA /* IRecorderCallback.h in Headers */ = {isa = PBXBuildFile; fileRef = 13535B5F25A8704B00EABEFA /* IRecorderCallback.h */; };
		13535B9D25A87BAB00EABEFA /* BarcodeScannerProvider.h in Headers */ = {isa = PBXBuildFile; fileRef = 13535B6025A8704B00EABEFA /* BarcodeScannerProvider.h */; };
		13535B9E25A87BAB00EABEFA /* IM.h in Headers */ = {isa = PBXBuildFile; fileRef = 13535B6225A8704B00EABEFA /* IM.h */; };
		13535B9F25A87BAB00EABEFA /* IMEvent.h in Headers */ = {isa = PBXBuildFile; fileRef = 13535B6325A8704B00EABEFA /* IMEvent.h */; };
		13535BA025A87BAB00EABEFA /* IIMComponent.h in Headers */ = {isa = PBXBuildFile; fileRef = 13535B6425A8704B00EABEFA /* IIMComponent.h */; };
		13535BA125A87BAB00EABEFA /* IIMComponentVersion.h in Headers */ = {isa = PBXBuildFile; fileRef = 13535B6525A8704B00EABEFA /* IIMComponentVersion.h */; };
		13535BA425A87BFF00EABEFA /* CameraComponent.h in Headers */ = {isa = PBXBuildFile; fileRef = B3C1A82C19951F9400AE9A92 /* CameraComponent.h */; settings = {ATTRIBUTES = (Public, ); }; };
		13535BA725A87C0200EABEFA /* CameraHandlerCustom.h in Headers */ = {isa = PBXBuildFile; fileRef = 135C928E23323B5E008451B3 /* CameraHandlerCustom.h */; settings = {ATTRIBUTES = (Public, ); }; };
		13535BAA25A87C0400EABEFA /* OSEImageProcess.h in Headers */ = {isa = PBXBuildFile; fileRef = 13E4F71D253EC5A200E3C9E3 /* OSEImageProcess.h */; settings = {ATTRIBUTES = (Public, ); }; };
		13535BAD25A87C0800EABEFA /* CameraComponentVersion.h in Headers */ = {isa = PBXBuildFile; fileRef = 41688A101DB5856300CC9D77 /* CameraComponentVersion.h */; settings = {ATTRIBUTES = (Public, ); }; };
		13535BB025A87C0C00EABEFA /* CuemeCameraCustomView.h in Headers */ = {isa = PBXBuildFile; fileRef = 13BC0358233A09A10082FD66 /* CuemeCameraCustomView.h */; settings = {ATTRIBUTES = (Public, ); }; };
		13535BB325A87C0E00EABEFA /* OSECameraComponentError.h in Headers */ = {isa = PBXBuildFile; fileRef = 132B32F3237599E000AEDD93 /* OSECameraComponentError.h */; settings = {ATTRIBUTES = (Public, ); }; };
		137FDA7A23584C4600B62761 /* info@2x.png in Resources */ = {isa = PBXBuildFile; fileRef = 137FDA7923584C4600B62761 /* info@2x.png */; };
		137FDA8123584DE600B62761 /* back@2x.png in Resources */ = {isa = PBXBuildFile; fileRef = 137FDA8023584DE600B62761 /* back@2x.png */; };
		13BC035B233A09A20082FD66 /* CuemeCameraCustomView.m in Sources */ = {isa = PBXBuildFile; fileRef = 13BC035A233A09A20082FD66 /* CuemeCameraCustomView.m */; };
		13BC03A0233A4CE10082FD66 /* CoreFoundation.framework in Frameworks */ = {isa = PBXBuildFile; fileRef = 13BC039F233A4CE10082FD66 /* CoreFoundation.framework */; };
		13BFF0242342088E00732F03 /* CameraHandlerCustom.m in Sources */ = {isa = PBXBuildFile; fileRef = 13BFF0232342088E00732F03 /* CameraHandlerCustom.m */; };
		13E4F71E253EC5A200E3C9E3 /* OSEImageProcess.m in Sources */ = {isa = PBXBuildFile; fileRef = 13E4F71C253EC5A200E3C9E3 /* OSEImageProcess.m */; };
		41688A121DB5856300CC9D77 /* CameraComponentVersion.m in Sources */ = {isa = PBXBuildFile; fileRef = 41688A111DB5856300CC9D77 /* CameraComponentVersion.m */; };
		B3C1A82819951F9400AE9A92 /* Foundation.framework in Frameworks */ = {isa = PBXBuildFile; fileRef = B3C1A82719951F9400AE9A92 /* Foundation.framework */; };
		B3C1A82D19951F9400AE9A92 /* CameraComponent.h in CopyFiles */ = {isa = PBXBuildFile; fileRef = B3C1A82C19951F9400AE9A92 /* CameraComponent.h */; };
		B3C1A82F19951F9400AE9A92 /* CameraComponent.m in Sources */ = {isa = PBXBuildFile; fileRef = B3C1A82E19951F9400AE9A92 /* CameraComponent.m */; };
		B3C1A876199918EF00AE9A92 /* AssetsLibrary.framework in Frameworks */ = {isa = PBXBuildFile; fileRef = B3C1A875199918EF00AE9A92 /* AssetsLibrary.framework */; };
		F1A766502345746C0044AE12 /* CustomView.xib in Resources */ = {isa = PBXBuildFile; fileRef = F1A7664F2345746C0044AE12 /* CustomView.xib */; };
/* End PBXBuildFile section */

/* Begin PBXContainerItemProxy section */
		F1A76654234579030044AE12 /* PBXContainerItemProxy */ = {
			isa = PBXContainerItemProxy;
			containerPortal = B3C1A81C19951F9400AE9A92 /* Project object */;
			proxyType = 1;
			remoteGlobalIDString = 13BC0383233A430E0082FD66;
			remoteInfo = CameraComponentResource;
		};
/* End PBXContainerItemProxy section */

/* Begin PBXCopyFilesBuildPhase section */
		B3C1A82219951F9400AE9A92 /* CopyFiles */ = {
			isa = PBXCopyFilesBuildPhase;
			buildActionMask = 2147483647;
			dstPath = "include/$(PRODUCT_NAME)";
			dstSubfolderSpec = 16;
			files = (
				B3C1A82D19951F9400AE9A92 /* CameraComponent.h in CopyFiles */,
			);
			runOnlyForDeploymentPostprocessing = 0;
		};
/* End PBXCopyFilesBuildPhase section */

/* Begin PBXFileReference section */
		132B32F3237599E000AEDD93 /* OSECameraComponentError.h */ = {isa = PBXFileReference; fileEncoding = 4; lastKnownFileType = sourcecode.c.h; path = OSECameraComponentError.h; sourceTree = "<group>"; };
		132B32F4237599E000AEDD93 /* OSECameraComponentError.m */ = {isa = PBXFileReference; fileEncoding = 4; lastKnownFileType = sourcecode.c.objc; path = OSECameraComponentError.m; sourceTree = "<group>"; };
		13535B3225A8704A00EABEFA /* JSONUtils.h */ = {isa = PBXFileReference; fileEncoding = 4; lastKnownFileType = sourcecode.c.h; path = JSONUtils.h; sourceTree = "<group>"; };
		13535B3325A8704A00EABEFA /* MessageProcessor.h */ = {isa = PBXFileReference; fileEncoding = 4; lastKnownFileType = sourcecode.c.h; path = MessageProcessor.h; sourceTree = "<group>"; };
		13535B3425A8704A00EABEFA /* IURLHandler.h */ = {isa = PBXFileReference; fileEncoding = 4; lastKnownFileType = sourcecode.c.h; path = IURLHandler.h; sourceTree = "<group>"; };
		13535B3525A8704A00EABEFA /* ApplicationUtil.h */ = {isa = PBXFileReference; fileEncoding = 4; lastKnownFileType = sourcecode.c.h; path = ApplicationUtil.h; sourceTree = "<group>"; };
		13535B3625A8704A00EABEFA /* CuemeWebViewConfigurator.h */ = {isa = PBXFileReference; fileEncoding = 4; lastKnownFileType = sourcecode.c.h; path = CuemeWebViewConfigurator.h; sourceTree = "<group>"; };
		13535B3725A8704A00EABEFA /* PropertyReader.h */ = {isa = PBXFileReference; fileEncoding = 4; lastKnownFileType = sourcecode.c.h; path = PropertyReader.h; sourceTree = "<group>"; };
		13535B3825A8704A00EABEFA /* URLAgent.h */ = {isa = PBXFileReference; fileEncoding = 4; lastKnownFileType = sourcecode.c.h; path = URLAgent.h; sourceTree = "<group>"; };
		13535B3925A8704A00EABEFA /* FileUtils.h */ = {isa = PBXFileReference; fileEncoding = 4; lastKnownFileType = sourcecode.c.h; path = FileUtils.h; sourceTree = "<group>"; };
		13535B3A25A8704A00EABEFA /* IResourceEncryptionHandler.h */ = {isa = PBXFileReference; fileEncoding = 4; lastKnownFileType = sourcecode.c.h; path = IResourceEncryptionHandler.h; sourceTree = "<group>"; };
		13535B3B25A8704A00EABEFA /* Base64Util.h */ = {isa = PBXFileReference; fileEncoding = 4; lastKnownFileType = sourcecode.c.h; path = Base64Util.h; sourceTree = "<group>"; };
		13535B3C25A8704A00EABEFA /* StringUtil.h */ = {isa = PBXFileReference; fileEncoding = 4; lastKnownFileType = sourcecode.c.h; path = StringUtil.h; sourceTree = "<group>"; };
		13535B3D25A8704A00EABEFA /* IUrlCallback.h */ = {isa = PBXFileReference; fileEncoding = 4; lastKnownFileType = sourcecode.c.h; path = IUrlCallback.h; sourceTree = "<group>"; };
		13535B3E25A8704A00EABEFA /* JSONObject.h */ = {isa = PBXFileReference; fileEncoding = 4; lastKnownFileType = sourcecode.c.h; path = JSONObject.h; sourceTree = "<group>"; };
		13535B3F25A8704A00EABEFA /* Database.h */ = {isa = PBXFileReference; fileEncoding = 4; lastKnownFileType = sourcecode.c.h; path = Database.h; sourceTree = "<group>"; };
		13535B4025A8704A00EABEFA /* JSONArray.h */ = {isa = PBXFileReference; fileEncoding = 4; lastKnownFileType = sourcecode.c.h; path = JSONArray.h; sourceTree = "<group>"; };
		13535B4125A8704A00EABEFA /* HttpAgent.h */ = {isa = PBXFileReference; fileEncoding = 4; lastKnownFileType = sourcecode.c.h; path = HttpAgent.h; sourceTree = "<group>"; };
		13535B4225A8704A00EABEFA /* URLUtils.h */ = {isa = PBXFileReference; fileEncoding = 4; lastKnownFileType = sourcecode.c.h; path = URLUtils.h; sourceTree = "<group>"; };
		13535B4325A8704A00EABEFA /* MessageQueue.h */ = {isa = PBXFileReference; fileEncoding = 4; lastKnownFileType = sourcecode.c.h; path = MessageQueue.h; sourceTree = "<group>"; };
		13535B4425A8704B00EABEFA /* IApplicationContext.h */ = {isa = PBXFileReference; fileEncoding = 4; lastKnownFileType = sourcecode.c.h; path = IApplicationContext.h; sourceTree = "<group>"; };
		13535B4525A8704B00EABEFA /* QueryResults.h */ = {isa = PBXFileReference; fileEncoding = 4; lastKnownFileType = sourcecode.c.h; path = QueryResults.h; sourceTree = "<group>"; };
		13535B4625A8704B00EABEFA /* Logger.h */ = {isa = PBXFileReference; fileEncoding = 4; lastKnownFileType = sourcecode.c.h; path = Logger.h; sourceTree = "<group>"; };
		13535B4725A8704B00EABEFA /* DMUtils.h */ = {isa = PBXFileReference; fileEncoding = 4; lastKnownFileType = sourcecode.c.h; path = DMUtils.h; sourceTree = "<group>"; };
		13535B4825A8704B00EABEFA /* CoreDevUtil.h */ = {isa = PBXFileReference; fileEncoding = 4; lastKnownFileType = sourcecode.c.h; path = CoreDevUtil.h; sourceTree = "<group>"; };
		13535B4925A8704B00EABEFA /* StoreManager.h */ = {isa = PBXFileReference; fileEncoding = 4; lastKnownFileType = sourcecode.c.h; path = StoreManager.h; sourceTree = "<group>"; };
		13535B4B25A8704B00EABEFA /* ICuemeAuthenticator.h */ = {isa = PBXFileReference; fileEncoding = 4; lastKnownFileType = sourcecode.c.h; path = ICuemeAuthenticator.h; sourceTree = "<group>"; };
		13535B4C25A8704B00EABEFA /* IContainerSplash.h */ = {isa = PBXFileReference; fileEncoding = 4; lastKnownFileType = sourcecode.c.h; path = IContainerSplash.h; sourceTree = "<group>"; };
		13535B4D25A8704B00EABEFA /* CuemeAnalytics.h */ = {isa = PBXFileReference; fileEncoding = 4; lastKnownFileType = sourcecode.c.h; path = CuemeAnalytics.h; sourceTree = "<group>"; };
		13535B4E25A8704B00EABEFA /* CuemeWorkbench.h */ = {isa = PBXFileReference; fileEncoding = 4; lastKnownFileType = sourcecode.c.h; path = CuemeWorkbench.h; sourceTree = "<group>"; };
		13535B5025A8704B00EABEFA /* AudioUtil.h */ = {isa = PBXFileReference; fileEncoding = 4; lastKnownFileType = sourcecode.c.h; path = AudioUtil.h; sourceTree = "<group>"; };
		13535B5125A8704B00EABEFA /* BarcodeView.h */ = {isa = PBXFileReference; fileEncoding = 4; lastKnownFileType = sourcecode.c.h; path = BarcodeView.h; sourceTree = "<group>"; };
		13535B5225A8704B00EABEFA /* TTSDelegate.h */ = {isa = PBXFileReference; fileEncoding = 4; lastKnownFileType = sourcecode.c.h; path = TTSDelegate.h; sourceTree = "<group>"; };
		13535B5325A8704B00EABEFA /* CameraHandlerDelegate.h */ = {isa = PBXFileReference; fileEncoding = 4; lastKnownFileType = sourcecode.c.h; path = CameraHandlerDelegate.h; sourceTree = "<group>"; };
		13535B5425A8704B00EABEFA /* SpeechEncoding.h */ = {isa = PBXFileReference; fileEncoding = 4; lastKnownFileType = sourcecode.c.h; path = SpeechEncoding.h; sourceTree = "<group>"; };
		13535B5525A8704B00EABEFA /* CameraHandler.h */ = {isa = PBXFileReference; fileEncoding = 4; lastKnownFileType = sourcecode.c.h; path = CameraHandler.h; sourceTree = "<group>"; };
		13535B5625A8704B00EABEFA /* CameraBarcodeScanner.h */ = {isa = PBXFileReference; fileEncoding = 4; lastKnownFileType = sourcecode.c.h; path = CameraBarcodeScanner.h; sourceTree = "<group>"; };
		13535B5725A8704B00EABEFA /* AudioRecorder.h */ = {isa = PBXFileReference; fileEncoding = 4; lastKnownFileType = sourcecode.c.h; path = AudioRecorder.h; sourceTree = "<group>"; };
		13535B5825A8704B00EABEFA /* BarcodeScannerDelegate.h */ = {isa = PBXFileReference; fileEncoding = 4; lastKnownFileType = sourcecode.c.h; path = BarcodeScannerDelegate.h; sourceTree = "<group>"; };
		13535B5925A8704B00EABEFA /* IPlayerCallback.h */ = {isa = PBXFileReference; fileEncoding = 4; lastKnownFileType = sourcecode.c.h; path = IPlayerCallback.h; sourceTree = "<group>"; };
		13535B5A25A8704B00EABEFA /* AudioPlayer.h */ = {isa = PBXFileReference; fileEncoding = 4; lastKnownFileType = sourcecode.c.h; path = AudioPlayer.h; sourceTree = "<group>"; };
		13535B5B25A8704B00EABEFA /* TonePlayer.h */ = {isa = PBXFileReference; fileEncoding = 4; lastKnownFileType = sourcecode.c.h; path = TonePlayer.h; sourceTree = "<group>"; };
		13535B5C25A8704B00EABEFA /* ImageUtils.h */ = {isa = PBXFileReference; fileEncoding = 4; lastKnownFileType = sourcecode.c.h; path = ImageUtils.h; sourceTree = "<group>"; };
		13535B5D25A8704B00EABEFA /* BarcodeUIDelegate.h */ = {isa = PBXFileReference; fileEncoding = 4; lastKnownFileType = sourcecode.c.h; path = BarcodeUIDelegate.h; sourceTree = "<group>"; };
		13535B5E25A8704B00EABEFA /* iOSLocalTTSPlayer.h */ = {isa = PBXFileReference; fileEncoding = 4; lastKnownFileType = sourcecode.c.h; path = iOSLocalTTSPlayer.h; sourceTree = "<group>"; };
		13535B5F25A8704B00EABEFA /* IRecorderCallback.h */ = {isa = PBXFileReference; fileEncoding = 4; lastKnownFileType = sourcecode.c.h; path = IRecorderCallback.h; sourceTree = "<group>"; };
		13535B6025A8704B00EABEFA /* BarcodeScannerProvider.h */ = {isa = PBXFileReference; fileEncoding = 4; lastKnownFileType = sourcecode.c.h; path = BarcodeScannerProvider.h; sourceTree = "<group>"; };
		13535B6225A8704B00EABEFA /* IM.h */ = {isa = PBXFileReference; fileEncoding = 4; lastKnownFileType = sourcecode.c.h; path = IM.h; sourceTree = "<group>"; };
		13535B6325A8704B00EABEFA /* IMEvent.h */ = {isa = PBXFileReference; fileEncoding = 4; lastKnownFileType = sourcecode.c.h; path = IMEvent.h; sourceTree = "<group>"; };
		13535B6425A8704B00EABEFA /* IIMComponent.h */ = {isa = PBXFileReference; fileEncoding = 4; lastKnownFileType = sourcecode.c.h; path = IIMComponent.h; sourceTree = "<group>"; };
		13535B6525A8704B00EABEFA /* IIMComponentVersion.h */ = {isa = PBXFileReference; fileEncoding = 4; lastKnownFileType = sourcecode.c.h; path = IIMComponentVersion.h; sourceTree = "<group>"; };
		135C926623323AF1008451B3 /* CameraComponent-Prefix.pch */ = {isa = PBXFileReference; lastKnownFileType = sourcecode.c.h; path = "CameraComponent-Prefix.pch"; sourceTree = "<group>"; };
		135C928E23323B5E008451B3 /* CameraHandlerCustom.h */ = {isa = PBXFileReference; lastKnownFileType = sourcecode.c.h; path = CameraHandlerCustom.h; sourceTree = "<group>"; };
		137FDA7923584C4600B62761 /* info@2x.png */ = {isa = PBXFileReference; lastKnownFileType = image.png; path = "info@2x.png"; sourceTree = "<group>"; };
		137FDA8023584DE600B62761 /* back@2x.png */ = {isa = PBXFileReference; lastKnownFileType = image.png; path = "back@2x.png"; sourceTree = "<group>"; };
		13BC0358233A09A10082FD66 /* CuemeCameraCustomView.h */ = {isa = PBXFileReference; fileEncoding = 4; lastKnownFileType = sourcecode.c.h; path = CuemeCameraCustomView.h; sourceTree = "<group>"; };
		13BC035A233A09A20082FD66 /* CuemeCameraCustomView.m */ = {isa = PBXFileReference; fileEncoding = 4; lastKnownFileType = sourcecode.c.objc; path = CuemeCameraCustomView.m; sourceTree = "<group>"; };
		13BC0379233A3FD60082FD66 /* Info.plist */ = {isa = PBXFileReference; lastKnownFileType = text.plist.xml; path = Info.plist; sourceTree = "<group>"; };
		13BC0384233A430E0082FD66 /* CameraComponentResource.bundle */ = {isa = PBXFileReference; explicitFileType = wrapper.cfbundle; includeInIndex = 0; path = CameraComponentResource.bundle; sourceTree = BUILT_PRODUCTS_DIR; };
		13BC039F233A4CE10082FD66 /* CoreFoundation.framework */ = {isa = PBXFileReference; lastKnownFileType = wrapper.framework; name = CoreFoundation.framework; path = System/Library/Frameworks/CoreFoundation.framework; sourceTree = SDKROOT; };
		13BFF0232342088E00732F03 /* CameraHandlerCustom.m */ = {isa = PBXFileReference; fileEncoding = 4; lastKnownFileType = sourcecode.c.objc; path = CameraHandlerCustom.m; sourceTree = "<group>"; };
		13E4F71C253EC5A200E3C9E3 /* OSEImageProcess.m */ = {isa = PBXFileReference; fileEncoding = 4; lastKnownFileType = sourcecode.c.objc; path = OSEImageProcess.m; sourceTree = "<group>"; };
		13E4F71D253EC5A200E3C9E3 /* OSEImageProcess.h */ = {isa = PBXFileReference; fileEncoding = 4; lastKnownFileType = sourcecode.c.h; path = OSEImageProcess.h; sourceTree = "<group>"; };
		41688A101DB5856300CC9D77 /* CameraComponentVersion.h */ = {isa = PBXFileReference; fileEncoding = 4; lastKnownFileType = sourcecode.c.h; path = CameraComponentVersion.h; sourceTree = "<group>"; };
		41688A111DB5856300CC9D77 /* CameraComponentVersion.m */ = {isa = PBXFileReference; fileEncoding = 4; lastKnownFileType = sourcecode.c.objc; path = CameraComponentVersion.m; sourceTree = "<group>"; };
		416E48611AC0A794006B20F5 /* Component-CameraComponent.xml */ = {isa = PBXFileReference; fileEncoding = 4; lastKnownFileType = text.xml; path = "Component-CameraComponent.xml"; sourceTree = "<group>"; };
		419AA20920C351E200A5DC04 /* CHANGELOG.md */ = {isa = PBXFileReference; lastKnownFileType = net.daringfireball.markdown; path = CHANGELOG.md; sourceTree = "<group>"; };
		B3C1A82419951F9400AE9A92 /* libCameraComponent.a */ = {isa = PBXFileReference; explicitFileType = archive.ar; includeInIndex = 0; path = libCameraComponent.a; sourceTree = BUILT_PRODUCTS_DIR; };
		B3C1A82719951F9400AE9A92 /* Foundation.framework */ = {isa = PBXFileReference; lastKnownFileType = wrapper.framework; name = Foundation.framework; path = System/Library/Frameworks/Foundation.framework; sourceTree = SDKROOT; };
		B3C1A82C19951F9400AE9A92 /* CameraComponent.h */ = {isa = PBXFileReference; lastKnownFileType = sourcecode.c.h; path = CameraComponent.h; sourceTree = "<group>"; };
		B3C1A82E19951F9400AE9A92 /* CameraComponent.m */ = {isa = PBXFileReference; lastKnownFileType = sourcecode.c.objc; path = CameraComponent.m; sourceTree = "<group>"; };
		B3C1A83519951F9500AE9A92 /* XCTest.framework */ = {isa = PBXFileReference; lastKnownFileType = wrapper.framework; name = XCTest.framework; path = Library/Frameworks/XCTest.framework; sourceTree = DEVELOPER_DIR; };
		B3C1A83819951F9500AE9A92 /* UIKit.framework */ = {isa = PBXFileReference; lastKnownFileType = wrapper.framework; name = UIKit.framework; path = Library/Frameworks/UIKit.framework; sourceTree = DEVELOPER_DIR; };
		B3C1A875199918EF00AE9A92 /* AssetsLibrary.framework */ = {isa = PBXFileReference; lastKnownFileType = wrapper.framework; name = AssetsLibrary.framework; path = System/Library/Frameworks/AssetsLibrary.framework; sourceTree = SDKROOT; };
		F1A7664F2345746C0044AE12 /* CustomView.xib */ = {isa = PBXFileReference; fileEncoding = 4; lastKnownFileType = file.xib; path = CustomView.xib; sourceTree = "<group>"; };
/* End PBXFileReference section */

/* Begin PBXFrameworksBuildPhase section */
		13BC0381233A430E0082FD66 /* Frameworks */ = {
			isa = PBXFrameworksBuildPhase;
			buildActionMask = 2147483647;
			files = (
				13BC03A0233A4CE10082FD66 /* CoreFoundation.framework in Frameworks */,
			);
			runOnlyForDeploymentPostprocessing = 0;
		};
		B3C1A82119951F9400AE9A92 /* Frameworks */ = {
			isa = PBXFrameworksBuildPhase;
			buildActionMask = 2147483647;
			files = (
				B3C1A876199918EF00AE9A92 /* AssetsLibrary.framework in Frameworks */,
				B3C1A82819951F9400AE9A92 /* Foundation.framework in Frameworks */,
			);
			runOnlyForDeploymentPostprocessing = 0;
		};
/* End PBXFrameworksBuildPhase section */

/* Begin PBXGroup section */
		13535B3025A8704A00EABEFA /* CuemeDevLibrary */ = {
			isa = PBXGroup;
			children = (
				13535B3125A8704A00EABEFA /* CuemeUtils */,
				13535B4A25A8704B00EABEFA /* CuemeWorkbench */,
				13535B4F25A8704B00EABEFA /* CuemePlatformUtil */,
				13535B6125A8704B00EABEFA /* IM */,
			);
			path = CuemeDevLibrary;
			sourceTree = "<group>";
		};
		13535B3125A8704A00EABEFA /* CuemeUtils */ = {
			isa = PBXGroup;
			children = (
				13535B3225A8704A00EABEFA /* JSONUtils.h */,
				13535B3325A8704A00EABEFA /* MessageProcessor.h */,
				13535B3425A8704A00EABEFA /* IURLHandler.h */,
				13535B3525A8704A00EABEFA /* ApplicationUtil.h */,
				13535B3625A8704A00EABEFA /* CuemeWebViewConfigurator.h */,
				13535B3725A8704A00EABEFA /* PropertyReader.h */,
				13535B3825A8704A00EABEFA /* URLAgent.h */,
				13535B3925A8704A00EABEFA /* FileUtils.h */,
				13535B3A25A8704A00EABEFA /* IResourceEncryptionHandler.h */,
				13535B3B25A8704A00EABEFA /* Base64Util.h */,
				13535B3C25A8704A00EABEFA /* StringUtil.h */,
				13535B3D25A8704A00EABEFA /* IUrlCallback.h */,
				13535B3E25A8704A00EABEFA /* JSONObject.h */,
				13535B3F25A8704A00EABEFA /* Database.h */,
				13535B4025A8704A00EABEFA /* JSONArray.h */,
				13535B4125A8704A00EABEFA /* HttpAgent.h */,
				13535B4225A8704A00EABEFA /* URLUtils.h */,
				13535B4325A8704A00EABEFA /* MessageQueue.h */,
				13535B4425A8704B00EABEFA /* IApplicationContext.h */,
				13535B4525A8704B00EABEFA /* QueryResults.h */,
				13535B4625A8704B00EABEFA /* Logger.h */,
				13535B4725A8704B00EABEFA /* DMUtils.h */,
				13535B4825A8704B00EABEFA /* CoreDevUtil.h */,
				13535B4925A8704B00EABEFA /* StoreManager.h */,
			);
			path = CuemeUtils;
			sourceTree = "<group>";
		};
		13535B4A25A8704B00EABEFA /* CuemeWorkbench */ = {
			isa = PBXGroup;
			children = (
				13535B4B25A8704B00EABEFA /* ICuemeAuthenticator.h */,
				13535B4C25A8704B00EABEFA /* IContainerSplash.h */,
				13535B4D25A8704B00EABEFA /* CuemeAnalytics.h */,
				13535B4E25A8704B00EABEFA /* CuemeWorkbench.h */,
			);
			path = CuemeWorkbench;
			sourceTree = "<group>";
		};
		13535B4F25A8704B00EABEFA /* CuemePlatformUtil */ = {
			isa = PBXGroup;
			children = (
				13535B5025A8704B00EABEFA /* AudioUtil.h */,
				13535B5125A8704B00EABEFA /* BarcodeView.h */,
				13535B5225A8704B00EABEFA /* TTSDelegate.h */,
				13535B5325A8704B00EABEFA /* CameraHandlerDelegate.h */,
				13535B5425A8704B00EABEFA /* SpeechEncoding.h */,
				13535B5525A8704B00EABEFA /* CameraHandler.h */,
				13535B5625A8704B00EABEFA /* CameraBarcodeScanner.h */,
				13535B5725A8704B00EABEFA /* AudioRecorder.h */,
				13535B5825A8704B00EABEFA /* BarcodeScannerDelegate.h */,
				13535B5925A8704B00EABEFA /* IPlayerCallback.h */,
				13535B5A25A8704B00EABEFA /* AudioPlayer.h */,
				13535B5B25A8704B00EABEFA /* TonePlayer.h */,
				13535B5C25A8704B00EABEFA /* ImageUtils.h */,
				13535B5D25A8704B00EABEFA /* BarcodeUIDelegate.h */,
				13535B5E25A8704B00EABEFA /* iOSLocalTTSPlayer.h */,
				13535B5F25A8704B00EABEFA /* IRecorderCallback.h */,
				13535B6025A8704B00EABEFA /* BarcodeScannerProvider.h */,
			);
			path = CuemePlatformUtil;
			sourceTree = "<group>";
		};
		13535B6125A8704B00EABEFA /* IM */ = {
			isa = PBXGroup;
			children = (
				13535B6225A8704B00EABEFA /* IM.h */,
				13535B6325A8704B00EABEFA /* IMEvent.h */,
				13535B6425A8704B00EABEFA /* IIMComponent.h */,
				13535B6525A8704B00EABEFA /* IIMComponentVersion.h */,
			);
			path = IM;
			sourceTree = "<group>";
		};
		135C926823323B5D008451B3 /* Supporting Files */ = {
			isa = PBXGroup;
			children = (
				13535B3025A8704A00EABEFA /* CuemeDevLibrary */,
			);
			path = "Supporting Files";
			sourceTree = "<group>";
		};
		13BC0376233A3FD60082FD66 /* CameraComponentResource */ = {
			isa = PBXGroup;
			children = (
				F1A7664F2345746C0044AE12 /* CustomView.xib */,
				137FDA8023584DE600B62761 /* back@2x.png */,
				137FDA7923584C4600B62761 /* info@2x.png */,
				13BC0379233A3FD60082FD66 /* Info.plist */,
			);
			path = CameraComponentResource;
			sourceTree = "<group>";
		};
		B3C1A81B19951F9400AE9A92 = {
			isa = PBXGroup;
			children = (
				419AA20920C351E200A5DC04 /* CHANGELOG.md */,
				416E48611AC0A794006B20F5 /* Component-CameraComponent.xml */,
				135C926823323B5D008451B3 /* Supporting Files */,
				B3C1A82919951F9400AE9A92 /* CameraComponent */,
				13BC0376233A3FD60082FD66 /* CameraComponentResource */,
				B3C1A82619951F9400AE9A92 /* Frameworks */,
				B3C1A82519951F9400AE9A92 /* Products */,
			);
			sourceTree = "<group>";
		};
		B3C1A82519951F9400AE9A92 /* Products */ = {
			isa = PBXGroup;
			children = (
				B3C1A82419951F9400AE9A92 /* libCameraComponent.a */,
				13BC0384233A430E0082FD66 /* CameraComponentResource.bundle */,
			);
			name = Products;
			sourceTree = "<group>";
		};
		B3C1A82619951F9400AE9A92 /* Frameworks */ = {
			isa = PBXGroup;
			children = (
				13BC039F233A4CE10082FD66 /* CoreFoundation.framework */,
				B3C1A875199918EF00AE9A92 /* AssetsLibrary.framework */,
				B3C1A82719951F9400AE9A92 /* Foundation.framework */,
				B3C1A83519951F9500AE9A92 /* XCTest.framework */,
				B3C1A83819951F9500AE9A92 /* UIKit.framework */,
			);
			name = Frameworks;
			sourceTree = "<group>";
		};
		B3C1A82919951F9400AE9A92 /* CameraComponent */ = {
			isa = PBXGroup;
			children = (
				B3C1A82C19951F9400AE9A92 /* CameraComponent.h */,
				B3C1A82E19951F9400AE9A92 /* CameraComponent.m */,
				135C928E23323B5E008451B3 /* CameraHandlerCustom.h */,
				13BFF0232342088E00732F03 /* CameraHandlerCustom.m */,
				13E4F71D253EC5A200E3C9E3 /* OSEImageProcess.h */,
				13E4F71C253EC5A200E3C9E3 /* OSEImageProcess.m */,
				41688A101DB5856300CC9D77 /* CameraComponentVersion.h */,
				41688A111DB5856300CC9D77 /* CameraComponentVersion.m */,
				135C926623323AF1008451B3 /* CameraComponent-Prefix.pch */,
				13BC0358233A09A10082FD66 /* CuemeCameraCustomView.h */,
				13BC035A233A09A20082FD66 /* CuemeCameraCustomView.m */,
				132B32F3237599E000AEDD93 /* OSECameraComponentError.h */,
				132B32F4237599E000AEDD93 /* OSECameraComponentError.m */,
			);
			path = CameraComponent;
			sourceTree = "<group>";
		};
/* End PBXGroup section */

/* Begin PBXHeadersBuildPhase section */
		13535B6C25A87B6500EABEFA /* Headers */ = {
			isa = PBXHeadersBuildPhase;
			buildActionMask = 2147483647;
			files = (
				13535BA425A87BFF00EABEFA /* CameraComponent.h in Headers */,
				13535BA725A87C0200EABEFA /* CameraHandlerCustom.h in Headers */,
				13535BAD25A87C0800EABEFA /* CameraComponentVersion.h in Headers */,
				13535BB325A87C0E00EABEFA /* OSECameraComponentError.h in Headers */,
				13535BB025A87C0C00EABEFA /* CuemeCameraCustomView.h in Headers */,
				13535BAA25A87C0400EABEFA /* OSEImageProcess.h in Headers */,
				13535B8D25A87BAB00EABEFA /* AudioUtil.h in Headers */,
				13535B8E25A87BAB00EABEFA /* BarcodeView.h in Headers */,
				13535B8F25A87BAB00EABEFA /* TTSDelegate.h in Headers */,
				13535B9025A87BAB00EABEFA /* CameraHandlerDelegate.h in Headers */,
				13535B9125A87BAB00EABEFA /* SpeechEncoding.h in Headers */,
				13535B9225A87BAB00EABEFA /* CameraHandler.h in Headers */,
				13535B9325A87BAB00EABEFA /* CameraBarcodeScanner.h in Headers */,
				13535B9425A87BAB00EABEFA /* AudioRecorder.h in Headers */,
				13535B9525A87BAB00EABEFA /* BarcodeScannerDelegate.h in Headers */,
				13535B9625A87BAB00EABEFA /* IPlayerCallback.h in Headers */,
				13535B9725A87BAB00EABEFA /* AudioPlayer.h in Headers */,
				13535B9825A87BAB00EABEFA /* TonePlayer.h in Headers */,
				13535B9925A87BAB00EABEFA /* ImageUtils.h in Headers */,
				13535B9A25A87BAB00EABEFA /* BarcodeUIDelegate.h in Headers */,
				13535B9B25A87BAB00EABEFA /* iOSLocalTTSPlayer.h in Headers */,
				13535B9C25A87BAB00EABEFA /* IRecorderCallback.h in Headers */,
				13535B9D25A87BAB00EABEFA /* BarcodeScannerProvider.h in Headers */,
				13535B9E25A87BAB00EABEFA /* IM.h in Headers */,
				13535B9F25A87BAB00EABEFA /* IMEvent.h in Headers */,
				13535BA025A87BAB00EABEFA /* IIMComponent.h in Headers */,
				13535BA125A87BAB00EABEFA /* IIMComponentVersion.h in Headers */,
				13535B8725A87B9600EABEFA /* ICuemeAuthenticator.h in Headers */,
				13535B8825A87B9600EABEFA /* IContainerSplash.h in Headers */,
				13535B8925A87B9600EABEFA /* CuemeAnalytics.h in Headers */,
				13535B8A25A87B9600EABEFA /* CuemeWorkbench.h in Headers */,
				13535B6D25A87B8600EABEFA /* JSONUtils.h in Headers */,
				13535B6E25A87B8600EABEFA /* MessageProcessor.h in Headers */,
				13535B6F25A87B8600EABEFA /* IURLHandler.h in Headers */,
				13535B7025A87B8600EABEFA /* ApplicationUtil.h in Headers */,
				13535B7125A87B8600EABEFA /* CuemeWebViewConfigurator.h in Headers */,
				13535B7225A87B8600EABEFA /* PropertyReader.h in Headers */,
				13535B7325A87B8600EABEFA /* URLAgent.h in Headers */,
				13535B7425A87B8600EABEFA /* FileUtils.h in Headers */,
				13535B7525A87B8600EABEFA /* IResourceEncryptionHandler.h in Headers */,
				13535B7625A87B8600EABEFA /* Base64Util.h in Headers */,
				13535B7725A87B8600EABEFA /* StringUtil.h in Headers */,
				13535B7825A87B8600EABEFA /* IUrlCallback.h in Headers */,
				13535B7925A87B8600EABEFA /* JSONObject.h in Headers */,
				13535B7A25A87B8600EABEFA /* Database.h in Headers */,
				13535B7B25A87B8600EABEFA /* JSONArray.h in Headers */,
				13535B7C25A87B8600EABEFA /* HttpAgent.h in Headers */,
				13535B7D25A87B8600EABEFA /* URLUtils.h in Headers */,
				13535B7E25A87B8600EABEFA /* MessageQueue.h in Headers */,
				13535B7F25A87B8600EABEFA /* IApplicationContext.h in Headers */,
				13535B8025A87B8600EABEFA /* QueryResults.h in Headers */,
				13535B8125A87B8600EABEFA /* Logger.h in Headers */,
				13535B8225A87B8600EABEFA /* DMUtils.h in Headers */,
				13535B8325A87B8600EABEFA /* CoreDevUtil.h in Headers */,
				13535B8425A87B8600EABEFA /* StoreManager.h in Headers */,
			);
			runOnlyForDeploymentPostprocessing = 0;
		};
/* End PBXHeadersBuildPhase section */

/* Begin PBXNativeTarget section */
		13BC0383233A430E0082FD66 /* CameraComponentResource */ = {
			isa = PBXNativeTarget;
			buildConfigurationList = 13BC0387233A430E0082FD66 /* Build configuration list for PBXNativeTarget "CameraComponentResource" */;
			buildPhases = (
				13BC0380233A430E0082FD66 /* Sources */,
				13BC0381233A430E0082FD66 /* Frameworks */,
				13BC0382233A430E0082FD66 /* Resources */,
			);
			buildRules = (
			);
			dependencies = (
			);
			name = CameraComponentResource;
			productName = CameraComponentResource;
			productReference = 13BC0384233A430E0082FD66 /* CameraComponentResource.bundle */;
			productType = "com.apple.product-type.bundle";
		};
		B3C1A82319951F9400AE9A92 /* CameraComponent */ = {
			isa = PBXNativeTarget;
			buildConfigurationList = B3C1A84719951F9500AE9A92 /* Build configuration list for PBXNativeTarget "CameraComponent" */;
			buildPhases = (
				13535B6C25A87B6500EABEFA /* Headers */,
				B3C1A82019951F9400AE9A92 /* Sources */,
				B3C1A82119951F9400AE9A92 /* Frameworks */,
				B3C1A82219951F9400AE9A92 /* CopyFiles */,
			);
			buildRules = (
			);
			dependencies = (
				F1A76655234579030044AE12 /* PBXTargetDependency */,
			);
			name = CameraComponent;
			productName = CameraComponent;
			productReference = B3C1A82419951F9400AE9A92 /* libCameraComponent.a */;
			productType = "com.apple.product-type.library.static";
		};
/* End PBXNativeTarget section */

/* Begin PBXProject section */
		B3C1A81C19951F9400AE9A92 /* Project object */ = {
			isa = PBXProject;
			attributes = {
				LastUpgradeCheck = 1010;
				ORGANIZATIONNAME = "Openstream Inc";
				TargetAttributes = {
					13BC0383233A430E0082FD66 = {
						CreatedOnToolsVersion = 10.2;
						ProvisioningStyle = Manual;
					};
				};
			};
			buildConfigurationList = B3C1A81F19951F9400AE9A92 /* Build configuration list for PBXProject "CameraComponent" */;
			compatibilityVersion = "Xcode 3.2";
			developmentRegion = English;
			hasScannedForEncodings = 0;
			knownRegions = (
				English,
				en,
			);
			mainGroup = B3C1A81B19951F9400AE9A92;
			productRefGroup = B3C1A82519951F9400AE9A92 /* Products */;
			projectDirPath = "";
			projectRoot = "";
			targets = (
				B3C1A82319951F9400AE9A92 /* CameraComponent */,
				13BC0383233A430E0082FD66 /* CameraComponentResource */,
			);
		};
/* End PBXProject section */

/* Begin PBXResourcesBuildPhase section */
		13BC0382233A430E0082FD66 /* Resources */ = {
			isa = PBXResourcesBuildPhase;
			buildActionMask = 2147483647;
			files = (
				137FDA7A23584C4600B62761 /* info@2x.png in Resources */,
				F1A766502345746C0044AE12 /* CustomView.xib in Resources */,
				137FDA8123584DE600B62761 /* back@2x.png in Resources */,
			);
			runOnlyForDeploymentPostprocessing = 0;
		};
/* End PBXResourcesBuildPhase section */

/* Begin PBXSourcesBuildPhase section */
		13BC0380233A430E0082FD66 /* Sources */ = {
			isa = PBXSourcesBuildPhase;
			buildActionMask = 2147483647;
			files = (
			);
			runOnlyForDeploymentPostprocessing = 0;
		};
		B3C1A82019951F9400AE9A92 /* Sources */ = {
			isa = PBXSourcesBuildPhase;
			buildActionMask = 2147483647;
			files = (
				13E4F71E253EC5A200E3C9E3 /* OSEImageProcess.m in Sources */,
				132B32F5237599E000AEDD93 /* OSECameraComponentError.m in Sources */,
				B3C1A82F19951F9400AE9A92 /* CameraComponent.m in Sources */,
				13BFF0242342088E00732F03 /* CameraHandlerCustom.m in Sources */,
				13BC035B233A09A20082FD66 /* CuemeCameraCustomView.m in Sources */,
				41688A121DB5856300CC9D77 /* CameraComponentVersion.m in Sources */,
			);
			runOnlyForDeploymentPostprocessing = 0;
		};
/* End PBXSourcesBuildPhase section */

/* Begin PBXTargetDependency section */
		F1A76655234579030044AE12 /* PBXTargetDependency */ = {
			isa = PBXTargetDependency;
			target = 13BC0383233A430E0082FD66 /* CameraComponentResource */;
			targetProxy = F1A76654234579030044AE12 /* PBXContainerItemProxy */;
		};
/* End PBXTargetDependency section */

/* Begin XCBuildConfiguration section */
		13BC0388233A430E0082FD66 /* Debug */ = {
			isa = XCBuildConfiguration;
			buildSettings = {
				CLANG_ANALYZER_NONNULL = YES;
				CLANG_ANALYZER_NUMBER_OBJECT_CONVERSION = YES_AGGRESSIVE;
				CLANG_CXX_LANGUAGE_STANDARD = "gnu++14";
				CLANG_ENABLE_OBJC_WEAK = YES;
				CLANG_WARN_DOCUMENTATION_COMMENTS = YES;
				CLANG_WARN_UNGUARDED_AVAILABILITY = YES_AGGRESSIVE;
				CODE_SIGN_IDENTITY = "-";
				CODE_SIGN_STYLE = Manual;
				COMBINE_HIDPI_IMAGES = NO;
				DEBUG_INFORMATION_FORMAT = "dwarf-with-dsym";
				DEVELOPMENT_TEAM = "";
				GCC_C_LANGUAGE_STANDARD = gnu11;
				GCC_PREPROCESSOR_DEFINITIONS = (
					"DEBUG=1",
					"$(inherited)",
				);
				INFOPLIST_FILE = "$(SRCROOT)/CameraComponentResource/Info.plist";
				INSTALL_PATH = "$(LOCAL_LIBRARY_DIR)/Bundles";
				MACOSX_DEPLOYMENT_TARGET = "";
				MTL_ENABLE_DEBUG_INFO = INCLUDE_SOURCE;
				MTL_FAST_MATH = YES;
				ONLY_ACTIVE_ARCH = YES;
				PRODUCT_BUNDLE_IDENTIFIER = "";
				PRODUCT_NAME = "$(TARGET_NAME)";
				PROVISIONING_PROFILE_SPECIFIER = "";
				SDKROOT = iphoneos;
				SKIP_INSTALL = YES;
				WRAPPER_EXTENSION = bundle;
			};
			name = Debug;
		};
		13BC0389233A430E0082FD66 /* Release */ = {
			isa = XCBuildConfiguration;
			buildSettings = {
				CLANG_ANALYZER_NONNULL = YES;
				CLANG_ANALYZER_NUMBER_OBJECT_CONVERSION = YES_AGGRESSIVE;
				CLANG_CXX_LANGUAGE_STANDARD = "gnu++14";
				CLANG_ENABLE_OBJC_WEAK = YES;
				CLANG_WARN_DOCUMENTATION_COMMENTS = YES;
				CLANG_WARN_UNGUARDED_AVAILABILITY = YES_AGGRESSIVE;
				CODE_SIGN_IDENTITY = "-";
				CODE_SIGN_STYLE = Manual;
				COMBINE_HIDPI_IMAGES = NO;
				COPY_PHASE_STRIP = NO;
				DEBUG_INFORMATION_FORMAT = "dwarf-with-dsym";
				DEVELOPMENT_TEAM = "";
				GCC_C_LANGUAGE_STANDARD = gnu11;
				INFOPLIST_FILE = "$(SRCROOT)/CameraComponentResource/Info.plist";
				INSTALL_PATH = "$(LOCAL_LIBRARY_DIR)/Bundles";
				MACOSX_DEPLOYMENT_TARGET = "";
				MTL_ENABLE_DEBUG_INFO = NO;
				MTL_FAST_MATH = YES;
				PRODUCT_BUNDLE_IDENTIFIER = "";
				PRODUCT_NAME = "$(TARGET_NAME)";
				PROVISIONING_PROFILE_SPECIFIER = "";
				SDKROOT = iphoneos;
				SKIP_INSTALL = YES;
				WRAPPER_EXTENSION = bundle;
			};
			name = Release;
		};
		B3C1A84519951F9500AE9A92 /* Debug */ = {
			isa = XCBuildConfiguration;
			buildSettings = {
				ALWAYS_SEARCH_USER_PATHS = NO;
				CLANG_CXX_LANGUAGE_STANDARD = "gnu++0x";
				CLANG_CXX_LIBRARY = "libc++";
				CLANG_ENABLE_MODULES = YES;
				CLANG_ENABLE_OBJC_ARC = YES;
				CLANG_WARN_BLOCK_CAPTURE_AUTORELEASING = YES;
				CLANG_WARN_BOOL_CONVERSION = YES;
				CLANG_WARN_COMMA = YES;
				CLANG_WARN_CONSTANT_CONVERSION = YES;
				CLANG_WARN_DEPRECATED_OBJC_IMPLEMENTATIONS = YES;
				CLANG_WARN_DIRECT_OBJC_ISA_USAGE = YES_ERROR;
				CLANG_WARN_EMPTY_BODY = YES;
				CLANG_WARN_ENUM_CONVERSION = YES;
				CLANG_WARN_INFINITE_RECURSION = YES;
				CLANG_WARN_INT_CONVERSION = YES;
				CLANG_WARN_NON_LITERAL_NULL_CONVERSION = YES;
				CLANG_WARN_OBJC_IMPLICIT_RETAIN_SELF = YES;
				CLANG_WARN_OBJC_LITERAL_CONVERSION = YES;
				CLANG_WARN_OBJC_ROOT_CLASS = YES_ERROR;
				CLANG_WARN_RANGE_LOOP_ANALYSIS = YES;
				CLANG_WARN_STRICT_PROTOTYPES = YES;
				CLANG_WARN_SUSPICIOUS_MOVE = YES;
				CLANG_WARN_UNREACHABLE_CODE = YES;
				CLANG_WARN__DUPLICATE_METHOD_MATCH = YES;
				COPY_PHASE_STRIP = NO;
				ENABLE_STRICT_OBJC_MSGSEND = YES;
				ENABLE_TESTABILITY = YES;
				GCC_C_LANGUAGE_STANDARD = gnu99;
				GCC_DYNAMIC_NO_PIC = NO;
				GCC_NO_COMMON_BLOCKS = YES;
				GCC_OPTIMIZATION_LEVEL = 0;
				GCC_PREPROCESSOR_DEFINITIONS = (
					"DEBUG=1",
					"$(inherited)",
					"LIBRARY_VERSION=$(LIBRARY_VERSION)",
				);
				GCC_SYMBOLS_PRIVATE_EXTERN = NO;
				GCC_WARN_64_TO_32_BIT_CONVERSION = YES;
				GCC_WARN_ABOUT_RETURN_TYPE = YES_ERROR;
				GCC_WARN_UNDECLARED_SELECTOR = YES;
				GCC_WARN_UNINITIALIZED_AUTOS = YES_AGGRESSIVE;
				GCC_WARN_UNUSED_FUNCTION = YES;
				GCC_WARN_UNUSED_VARIABLE = YES;
				IPHONEOS_DEPLOYMENT_TARGET = 13.0;
				LIBRARY_VERSION = 3.500.28;
				ONLY_ACTIVE_ARCH = NO;
				SDKROOT = iphoneos;
			};
			name = Debug;
		};
		B3C1A84619951F9500AE9A92 /* Release */ = {
			isa = XCBuildConfiguration;
			buildSettings = {
				ALWAYS_SEARCH_USER_PATHS = NO;
				CLANG_CXX_LANGUAGE_STANDARD = "gnu++0x";
				CLANG_CXX_LIBRARY = "libc++";
				CLANG_ENABLE_MODULES = YES;
				CLANG_ENABLE_OBJC_ARC = YES;
				CLANG_WARN_BLOCK_CAPTURE_AUTORELEASING = YES;
				CLANG_WARN_BOOL_CONVERSION = YES;
				CLANG_WARN_COMMA = YES;
				CLANG_WARN_CONSTANT_CONVERSION = YES;
				CLANG_WARN_DEPRECATED_OBJC_IMPLEMENTATIONS = YES;
				CLANG_WARN_DIRECT_OBJC_ISA_USAGE = YES_ERROR;
				CLANG_WARN_EMPTY_BODY = YES;
				CLANG_WARN_ENUM_CONVERSION = YES;
				CLANG_WARN_INFINITE_RECURSION = YES;
				CLANG_WARN_INT_CONVERSION = YES;
				CLANG_WARN_NON_LITERAL_NULL_CONVERSION = YES;
				CLANG_WARN_OBJC_IMPLICIT_RETAIN_SELF = YES;
				CLANG_WARN_OBJC_LITERAL_CONVERSION = YES;
				CLANG_WARN_OBJC_ROOT_CLASS = YES_ERROR;
				CLANG_WARN_RANGE_LOOP_ANALYSIS = YES;
				CLANG_WARN_STRICT_PROTOTYPES = YES;
				CLANG_WARN_SUSPICIOUS_MOVE = YES;
				CLANG_WARN_UNREACHABLE_CODE = YES;
				CLANG_WARN__DUPLICATE_METHOD_MATCH = YES;
				COPY_PHASE_STRIP = YES;
				ENABLE_NS_ASSERTIONS = NO;
				ENABLE_STRICT_OBJC_MSGSEND = YES;
				GCC_C_LANGUAGE_STANDARD = gnu99;
				GCC_NO_COMMON_BLOCKS = YES;
				GCC_PREPROCESSOR_DEFINITIONS = "LIBRARY_VERSION=$(LIBRARY_VERSION)";
				GCC_WARN_64_TO_32_BIT_CONVERSION = YES;
				GCC_WARN_ABOUT_RETURN_TYPE = YES_ERROR;
				GCC_WARN_UNDECLARED_SELECTOR = YES;
				GCC_WARN_UNINITIALIZED_AUTOS = YES_AGGRESSIVE;
				GCC_WARN_UNUSED_FUNCTION = YES;
				GCC_WARN_UNUSED_VARIABLE = YES;
				IPHONEOS_DEPLOYMENT_TARGET = 13.0;
				LIBRARY_VERSION = 3.500.28;
				SDKROOT = iphoneos;
				VALIDATE_PRODUCT = YES;
			};
			name = Release;
		};
		B3C1A84819951F9500AE9A92 /* Debug */ = {
			isa = XCBuildConfiguration;
			buildSettings = {
				DSTROOT = /tmp/CameraComponent.dst;
				GCC_PRECOMPILE_PREFIX_HEADER = YES;
				GCC_PREFIX_HEADER = "CameraComponent/CameraComponent-Prefix.pch";
				ONLY_ACTIVE_ARCH = NO;
				OTHER_LDFLAGS = "-ObjC";
				PRODUCT_NAME = "$(TARGET_NAME)";
				SKIP_INSTALL = YES;
			};
			name = Debug;
		};
		B3C1A84919951F9500AE9A92 /* Release */ = {
			isa = XCBuildConfiguration;
			buildSettings = {
				DSTROOT = /tmp/CameraComponent.dst;
				GCC_PRECOMPILE_PREFIX_HEADER = YES;
				GCC_PREFIX_HEADER = "CameraComponent/CameraComponent-Prefix.pch";
				OTHER_LDFLAGS = "-ObjC";
				PRODUCT_NAME = "$(TARGET_NAME)";
				SKIP_INSTALL = YES;
			};
			name = Release;
		};
/* End XCBuildConfiguration section */

/* Begin XCConfigurationList section */
		13BC0387233A430E0082FD66 /* Build configuration list for PBXNativeTarget "CameraComponentResource" */ = {
			isa = XCConfigurationList;
			buildConfigurations = (
				13BC0388233A430E0082FD66 /* Debug */,
				13BC0389233A430E0082FD66 /* Release */,
			);
			defaultConfigurationIsVisible = 0;
			defaultConfigurationName = Release;
		};
		B3C1A81F19951F9400AE9A92 /* Build configuration list for PBXProject "CameraComponent" */ = {
			isa = XCConfigurationList;
			buildConfigurations = (
				B3C1A84519951F9500AE9A92 /* Debug */,
				B3C1A84619951F9500AE9A92 /* Release */,
			);
			defaultConfigurationIsVisible = 0;
			defaultConfigurationName = Release;
		};
		B3C1A84719951F9500AE9A92 /* Build configuration list for PBXNativeTarget "CameraComponent" */ = {
			isa = XCConfigurationList;
			buildConfigurations = (
				B3C1A84819951F9500AE9A92 /* Debug */,
				B3C1A84919951F9500AE9A92 /* Release */,
			);
			defaultConfigurationIsVisible = 0;
			defaultConfigurationName = Release;
		};
/* End XCConfigurationList section */
	};
	rootObject = B3C1A81C19951F9400AE9A92 /* Project object */;
}
