// !$*UTF8*$!
{
	archiveVersion = 1;
	classes = {
	};
	objectVersion = 50;
	objects = {

/* Begin PBXBuildFile section */
		13E1B90E250A0D0D0029A99D /* EVAContactsComponent.m in Sources */ = {isa = PBXBuildFile; fileRef = 13E1B90D250A0D0D0029A99D /* EVAContactsComponent.m */; };
		13E1B90F250A0D0D0029A99D /* EVAContactsComponent.h in CopyFiles */ = {isa = PBXBuildFile; fileRef = 13E1B90C250A0D0D0029A99D /* EVAContactsComponent.h */; };
		13E1B917250A0D890029A99D /* OSEContactsHandler.m in Sources */ = {isa = PBXBuildFile; fileRef = 13E1B916250A0D890029A99D /* OSEContactsHandler.m */; };
		13E1B91A250A0E0E0029A99D /* EVAContactsComponentVersion.m in Sources */ = {isa = PBXBuildFile; fileRef = 13E1B919250A0E0E0029A99D /* EVAContactsComponentVersion.m */; };
		13E1B91D250A0EB20029A99D /* OSEContactsComponentError.m in Sources */ = {isa = PBXBuildFile; fileRef = 13E1B91C250A0EB20029A99D /* OSEContactsComponentError.m */; };
/* End PBXBuildFile section */

/* Begin PBXCopyFilesBuildPhase section */
		13E1B907250A0D0D0029A99D /* CopyFiles */ = {
			isa = PBXCopyFilesBuildPhase;
			buildActionMask = 2147483647;
			dstPath = "include/$(PRODUCT_NAME)";
			dstSubfolderSpec = 16;
			files = (
				13E1B90F250A0D0D0029A99D /* EVAContactsComponent.h in CopyFiles */,
			);
			runOnlyForDeploymentPostprocessing = 0;
		};
/* End PBXCopyFilesBuildPhase section */

/* Begin PBXFileReference section */
		1365BFF625ADC27600B30808 /* JSONUtils.h */ = {isa = PBXFileReference; fileEncoding = 4; lastKnownFileType = sourcecode.c.h; path = JSONUtils.h; sourceTree = "<group>"; };
		1365BFF725ADC27600B30808 /* MessageProcessor.h */ = {isa = PBXFileReference; fileEncoding = 4; lastKnownFileType = sourcecode.c.h; path = MessageProcessor.h; sourceTree = "<group>"; };
		1365BFF825ADC27600B30808 /* IURLHandler.h */ = {isa = PBXFileReference; fileEncoding = 4; lastKnownFileType = sourcecode.c.h; path = IURLHandler.h; sourceTree = "<group>"; };
		1365BFF925ADC27600B30808 /* ApplicationUtil.h */ = {isa = PBXFileReference; fileEncoding = 4; lastKnownFileType = sourcecode.c.h; path = ApplicationUtil.h; sourceTree = "<group>"; };
		1365BFFA25ADC27600B30808 /* CuemeWebViewConfigurator.h */ = {isa = PBXFileReference; fileEncoding = 4; lastKnownFileType = sourcecode.c.h; path = CuemeWebViewConfigurator.h; sourceTree = "<group>"; };
		1365BFFB25ADC27600B30808 /* PropertyReader.h */ = {isa = PBXFileReference; fileEncoding = 4; lastKnownFileType = sourcecode.c.h; path = PropertyReader.h; sourceTree = "<group>"; };
		1365BFFC25ADC27600B30808 /* URLAgent.h */ = {isa = PBXFileReference; fileEncoding = 4; lastKnownFileType = sourcecode.c.h; path = URLAgent.h; sourceTree = "<group>"; };
		1365BFFD25ADC27600B30808 /* FileUtils.h */ = {isa = PBXFileReference; fileEncoding = 4; lastKnownFileType = sourcecode.c.h; path = FileUtils.h; sourceTree = "<group>"; };
		1365BFFE25ADC27600B30808 /* IResourceEncryptionHandler.h */ = {isa = PBXFileReference; fileEncoding = 4; lastKnownFileType = sourcecode.c.h; path = IResourceEncryptionHandler.h; sourceTree = "<group>"; };
		1365BFFF25ADC27600B30808 /* Base64Util.h */ = {isa = PBXFileReference; fileEncoding = 4; lastKnownFileType = sourcecode.c.h; path = Base64Util.h; sourceTree = "<group>"; };
		1365C00025ADC27600B30808 /* StringUtil.h */ = {isa = PBXFileReference; fileEncoding = 4; lastKnownFileType = sourcecode.c.h; path = StringUtil.h; sourceTree = "<group>"; };
		1365C00125ADC27600B30808 /* IUrlCallback.h */ = {isa = PBXFileReference; fileEncoding = 4; lastKnownFileType = sourcecode.c.h; path = IUrlCallback.h; sourceTree = "<group>"; };
		1365C00225ADC27600B30808 /* JSONObject.h */ = {isa = PBXFileReference; fileEncoding = 4; lastKnownFileType = sourcecode.c.h; path = JSONObject.h; sourceTree = "<group>"; };
		1365C00325ADC27600B30808 /* Database.h */ = {isa = PBXFileReference; fileEncoding = 4; lastKnownFileType = sourcecode.c.h; path = Database.h; sourceTree = "<group>"; };
		1365C00425ADC27600B30808 /* JSONArray.h */ = {isa = PBXFileReference; fileEncoding = 4; lastKnownFileType = sourcecode.c.h; path = JSONArray.h; sourceTree = "<group>"; };
		1365C00525ADC27600B30808 /* HttpAgent.h */ = {isa = PBXFileReference; fileEncoding = 4; lastKnownFileType = sourcecode.c.h; path = HttpAgent.h; sourceTree = "<group>"; };
		1365C00625ADC27600B30808 /* URLUtils.h */ = {isa = PBXFileReference; fileEncoding = 4; lastKnownFileType = sourcecode.c.h; path = URLUtils.h; sourceTree = "<group>"; };
		1365C00725ADC27600B30808 /* MessageQueue.h */ = {isa = PBXFileReference; fileEncoding = 4; lastKnownFileType = sourcecode.c.h; path = MessageQueue.h; sourceTree = "<group>"; };
		1365C00825ADC27600B30808 /* IApplicationContext.h */ = {isa = PBXFileReference; fileEncoding = 4; lastKnownFileType = sourcecode.c.h; path = IApplicationContext.h; sourceTree = "<group>"; };
		1365C00925ADC27600B30808 /* QueryResults.h */ = {isa = PBXFileReference; fileEncoding = 4; lastKnownFileType = sourcecode.c.h; path = QueryResults.h; sourceTree = "<group>"; };
		1365C00A25ADC27600B30808 /* Logger.h */ = {isa = PBXFileReference; fileEncoding = 4; lastKnownFileType = sourcecode.c.h; path = Logger.h; sourceTree = "<group>"; };
		1365C00B25ADC27600B30808 /* DMUtils.h */ = {isa = PBXFileReference; fileEncoding = 4; lastKnownFileType = sourcecode.c.h; path = DMUtils.h; sourceTree = "<group>"; };
		1365C00C25ADC27600B30808 /* CoreDevUtil.h */ = {isa = PBXFileReference; fileEncoding = 4; lastKnownFileType = sourcecode.c.h; path = CoreDevUtil.h; sourceTree = "<group>"; };
		1365C00D25ADC27600B30808 /* StoreManager.h */ = {isa = PBXFileReference; fileEncoding = 4; lastKnownFileType = sourcecode.c.h; path = StoreManager.h; sourceTree = "<group>"; };
		1365C00F25ADC27600B30808 /* ICuemeAuthenticator.h */ = {isa = PBXFileReference; fileEncoding = 4; lastKnownFileType = sourcecode.c.h; path = ICuemeAuthenticator.h; sourceTree = "<group>"; };
		1365C01025ADC27600B30808 /* IContainerSplash.h */ = {isa = PBXFileReference; fileEncoding = 4; lastKnownFileType = sourcecode.c.h; path = IContainerSplash.h; sourceTree = "<group>"; };
		1365C01125ADC27600B30808 /* CuemeAnalytics.h */ = {isa = PBXFileReference; fileEncoding = 4; lastKnownFileType = sourcecode.c.h; path = CuemeAnalytics.h; sourceTree = "<group>"; };
		1365C01225ADC27600B30808 /* CuemeWorkbench.h */ = {isa = PBXFileReference; fileEncoding = 4; lastKnownFileType = sourcecode.c.h; path = CuemeWorkbench.h; sourceTree = "<group>"; };
		1365C01425ADC27600B30808 /* AudioUtil.h */ = {isa = PBXFileReference; fileEncoding = 4; lastKnownFileType = sourcecode.c.h; path = AudioUtil.h; sourceTree = "<group>"; };
		1365C01525ADC27600B30808 /* BarcodeView.h */ = {isa = PBXFileReference; fileEncoding = 4; lastKnownFileType = sourcecode.c.h; path = BarcodeView.h; sourceTree = "<group>"; };
		1365C01625ADC27600B30808 /* TTSDelegate.h */ = {isa = PBXFileReference; fileEncoding = 4; lastKnownFileType = sourcecode.c.h; path = TTSDelegate.h; sourceTree = "<group>"; };
		1365C01725ADC27600B30808 /* CameraHandlerDelegate.h */ = {isa = PBXFileReference; fileEncoding = 4; lastKnownFileType = sourcecode.c.h; path = CameraHandlerDelegate.h; sourceTree = "<group>"; };
		1365C01825ADC27600B30808 /* SpeechEncoding.h */ = {isa = PBXFileReference; fileEncoding = 4; lastKnownFileType = sourcecode.c.h; path = SpeechEncoding.h; sourceTree = "<group>"; };
		1365C01925ADC27600B30808 /* CameraHandler.h */ = {isa = PBXFileReference; fileEncoding = 4; lastKnownFileType = sourcecode.c.h; path = CameraHandler.h; sourceTree = "<group>"; };
		1365C01A25ADC27600B30808 /* CameraBarcodeScanner.h */ = {isa = PBXFileReference; fileEncoding = 4; lastKnownFileType = sourcecode.c.h; path = CameraBarcodeScanner.h; sourceTree = "<group>"; };
		1365C01B25ADC27600B30808 /* AudioRecorder.h */ = {isa = PBXFileReference; fileEncoding = 4; lastKnownFileType = sourcecode.c.h; path = AudioRecorder.h; sourceTree = "<group>"; };
		1365C01C25ADC27600B30808 /* BarcodeScannerDelegate.h */ = {isa = PBXFileReference; fileEncoding = 4; lastKnownFileType = sourcecode.c.h; path = BarcodeScannerDelegate.h; sourceTree = "<group>"; };
		1365C01D25ADC27600B30808 /* IPlayerCallback.h */ = {isa = PBXFileReference; fileEncoding = 4; lastKnownFileType = sourcecode.c.h; path = IPlayerCallback.h; sourceTree = "<group>"; };
		1365C01E25ADC27600B30808 /* AudioPlayer.h */ = {isa = PBXFileReference; fileEncoding = 4; lastKnownFileType = sourcecode.c.h; path = AudioPlayer.h; sourceTree = "<group>"; };
		1365C01F25ADC27600B30808 /* TonePlayer.h */ = {isa = PBXFileReference; fileEncoding = 4; lastKnownFileType = sourcecode.c.h; path = TonePlayer.h; sourceTree = "<group>"; };
		1365C02025ADC27600B30808 /* ImageUtils.h */ = {isa = PBXFileReference; fileEncoding = 4; lastKnownFileType = sourcecode.c.h; path = ImageUtils.h; sourceTree = "<group>"; };
		1365C02125ADC27600B30808 /* BarcodeUIDelegate.h */ = {isa = PBXFileReference; fileEncoding = 4; lastKnownFileType = sourcecode.c.h; path = BarcodeUIDelegate.h; sourceTree = "<group>"; };
		1365C02225ADC27600B30808 /* iOSLocalTTSPlayer.h */ = {isa = PBXFileReference; fileEncoding = 4; lastKnownFileType = sourcecode.c.h; path = iOSLocalTTSPlayer.h; sourceTree = "<group>"; };
		1365C02325ADC27600B30808 /* IRecorderCallback.h */ = {isa = PBXFileReference; fileEncoding = 4; lastKnownFileType = sourcecode.c.h; path = IRecorderCallback.h; sourceTree = "<group>"; };
		1365C02425ADC27600B30808 /* BarcodeScannerProvider.h */ = {isa = PBXFileReference; fileEncoding = 4; lastKnownFileType = sourcecode.c.h; path = BarcodeScannerProvider.h; sourceTree = "<group>"; };
		1365C02625ADC27600B30808 /* IM.h */ = {isa = PBXFileReference; fileEncoding = 4; lastKnownFileType = sourcecode.c.h; path = IM.h; sourceTree = "<group>"; };
		1365C02725ADC27600B30808 /* IMEvent.h */ = {isa = PBXFileReference; fileEncoding = 4; lastKnownFileType = sourcecode.c.h; path = IMEvent.h; sourceTree = "<group>"; };
		1365C02825ADC27600B30808 /* IIMComponent.h */ = {isa = PBXFileReference; fileEncoding = 4; lastKnownFileType = sourcecode.c.h; path = IIMComponent.h; sourceTree = "<group>"; };
		1365C02925ADC27600B30808 /* IIMComponentVersion.h */ = {isa = PBXFileReference; fileEncoding = 4; lastKnownFileType = sourcecode.c.h; path = IIMComponentVersion.h; sourceTree = "<group>"; };
		13E1B909250A0D0D0029A99D /* libEVAContactsComponent.a */ = {isa = PBXFileReference; explicitFileType = archive.ar; includeInIndex = 0; path = libEVAContactsComponent.a; sourceTree = BUILT_PRODUCTS_DIR; };
		13E1B90C250A0D0D0029A99D /* EVAContactsComponent.h */ = {isa = PBXFileReference; lastKnownFileType = sourcecode.c.h; path = EVAContactsComponent.h; sourceTree = "<group>"; };
		13E1B90D250A0D0D0029A99D /* EVAContactsComponent.m */ = {isa = PBXFileReference; lastKnownFileType = sourcecode.c.objc; path = EVAContactsComponent.m; sourceTree = "<group>"; };
		13E1B915250A0D890029A99D /* OSEContactsHandler.h */ = {isa = PBXFileReference; lastKnownFileType = sourcecode.c.h; path = OSEContactsHandler.h; sourceTree = "<group>"; };
		13E1B916250A0D890029A99D /* OSEContactsHandler.m */ = {isa = PBXFileReference; lastKnownFileType = sourcecode.c.objc; path = OSEContactsHandler.m; sourceTree = "<group>"; };
		13E1B918250A0E0E0029A99D /* EVAContactsComponentVersion.h */ = {isa = PBXFileReference; fileEncoding = 4; lastKnownFileType = sourcecode.c.h; path = EVAContactsComponentVersion.h; sourceTree = "<group>"; };
		13E1B919250A0E0E0029A99D /* EVAContactsComponentVersion.m */ = {isa = PBXFileReference; fileEncoding = 4; lastKnownFileType = sourcecode.c.objc; path = EVAContactsComponentVersion.m; sourceTree = "<group>"; };
		13E1B91B250A0EB20029A99D /* OSEContactsComponentError.h */ = {isa = PBXFileReference; fileEncoding = 4; lastKnownFileType = sourcecode.c.h; path = OSEContactsComponentError.h; sourceTree = "<group>"; };
		13E1B91C250A0EB20029A99D /* OSEContactsComponentError.m */ = {isa = PBXFileReference; fileEncoding = 4; lastKnownFileType = sourcecode.c.objc; path = OSEContactsComponentError.m; sourceTree = "<group>"; };
/* End PBXFileReference section */

/* Begin PBXFrameworksBuildPhase section */
		13E1B906250A0D0D0029A99D /* Frameworks */ = {
			isa = PBXFrameworksBuildPhase;
			buildActionMask = 2147483647;
			files = (
			);
			runOnlyForDeploymentPostprocessing = 0;
		};
/* End PBXFrameworksBuildPhase section */

/* Begin PBXGroup section */
		1365BFF425ADC27600B30808 /* CuemeDevLibrary */ = {
			isa = PBXGroup;
			children = (
				1365BFF525ADC27600B30808 /* CuemeUtils */,
				1365C00E25ADC27600B30808 /* CuemeWorkbench */,
				1365C01325ADC27600B30808 /* CuemePlatformUtil */,
				1365C02525ADC27600B30808 /* IM */,
			);
			path = CuemeDevLibrary;
			sourceTree = "<group>";
		};
		1365BFF525ADC27600B30808 /* CuemeUtils */ = {
			isa = PBXGroup;
			children = (
				1365BFF625ADC27600B30808 /* JSONUtils.h */,
				1365BFF725ADC27600B30808 /* MessageProcessor.h */,
				1365BFF825ADC27600B30808 /* IURLHandler.h */,
				1365BFF925ADC27600B30808 /* ApplicationUtil.h */,
				1365BFFA25ADC27600B30808 /* CuemeWebViewConfigurator.h */,
				1365BFFB25ADC27600B30808 /* PropertyReader.h */,
				1365BFFC25ADC27600B30808 /* URLAgent.h */,
				1365BFFD25ADC27600B30808 /* FileUtils.h */,
				1365BFFE25ADC27600B30808 /* IResourceEncryptionHandler.h */,
				1365BFFF25ADC27600B30808 /* Base64Util.h */,
				1365C00025ADC27600B30808 /* StringUtil.h */,
				1365C00125ADC27600B30808 /* IUrlCallback.h */,
				1365C00225ADC27600B30808 /* JSONObject.h */,
				1365C00325ADC27600B30808 /* Database.h */,
				1365C00425ADC27600B30808 /* JSONArray.h */,
				1365C00525ADC27600B30808 /* HttpAgent.h */,
				1365C00625ADC27600B30808 /* URLUtils.h */,
				1365C00725ADC27600B30808 /* MessageQueue.h */,
				1365C00825ADC27600B30808 /* IApplicationContext.h */,
				1365C00925ADC27600B30808 /* QueryResults.h */,
				1365C00A25ADC27600B30808 /* Logger.h */,
				1365C00B25ADC27600B30808 /* DMUtils.h */,
				1365C00C25ADC27600B30808 /* CoreDevUtil.h */,
				1365C00D25ADC27600B30808 /* StoreManager.h */,
			);
			path = CuemeUtils;
			sourceTree = "<group>";
		};
		1365C00E25ADC27600B30808 /* CuemeWorkbench */ = {
			isa = PBXGroup;
			children = (
				1365C00F25ADC27600B30808 /* ICuemeAuthenticator.h */,
				1365C01025ADC27600B30808 /* IContainerSplash.h */,
				1365C01125ADC27600B30808 /* CuemeAnalytics.h */,
				1365C01225ADC27600B30808 /* CuemeWorkbench.h */,
			);
			path = CuemeWorkbench;
			sourceTree = "<group>";
		};
		1365C01325ADC27600B30808 /* CuemePlatformUtil */ = {
			isa = PBXGroup;
			children = (
				1365C01425ADC27600B30808 /* AudioUtil.h */,
				1365C01525ADC27600B30808 /* BarcodeView.h */,
				1365C01625ADC27600B30808 /* TTSDelegate.h */,
				1365C01725ADC27600B30808 /* CameraHandlerDelegate.h */,
				1365C01825ADC27600B30808 /* SpeechEncoding.h */,
				1365C01925ADC27600B30808 /* CameraHandler.h */,
				1365C01A25ADC27600B30808 /* CameraBarcodeScanner.h */,
				1365C01B25ADC27600B30808 /* AudioRecorder.h */,
				1365C01C25ADC27600B30808 /* BarcodeScannerDelegate.h */,
				1365C01D25ADC27600B30808 /* IPlayerCallback.h */,
				1365C01E25ADC27600B30808 /* AudioPlayer.h */,
				1365C01F25ADC27600B30808 /* TonePlayer.h */,
				1365C02025ADC27600B30808 /* ImageUtils.h */,
				1365C02125ADC27600B30808 /* BarcodeUIDelegate.h */,
				1365C02225ADC27600B30808 /* iOSLocalTTSPlayer.h */,
				1365C02325ADC27600B30808 /* IRecorderCallback.h */,
				1365C02425ADC27600B30808 /* BarcodeScannerProvider.h */,
			);
			path = CuemePlatformUtil;
			sourceTree = "<group>";
		};
		1365C02525ADC27600B30808 /* IM */ = {
			isa = PBXGroup;
			children = (
				1365C02625ADC27600B30808 /* IM.h */,
				1365C02725ADC27600B30808 /* IMEvent.h */,
				1365C02825ADC27600B30808 /* IIMComponent.h */,
				1365C02925ADC27600B30808 /* IIMComponentVersion.h */,
			);
			path = IM;
			sourceTree = "<group>";
		};
		13E1B900250A0D0D0029A99D = {
			isa = PBXGroup;
			children = (
				13E1B90B250A0D0D0029A99D /* EVAContactsComponent */,
				13E1B90A250A0D0D0029A99D /* Products */,
			);
			sourceTree = "<group>";
		};
		13E1B90A250A0D0D0029A99D /* Products */ = {
			isa = PBXGroup;
			children = (
				13E1B909250A0D0D0029A99D /* libEVAContactsComponent.a */,
			);
			name = Products;
			sourceTree = "<group>";
		};
		13E1B90B250A0D0D0029A99D /* EVAContactsComponent */ = {
			isa = PBXGroup;
			children = (
				13E1B90C250A0D0D0029A99D /* EVAContactsComponent.h */,
				13E1B90D250A0D0D0029A99D /* EVAContactsComponent.m */,
				13E1B915250A0D890029A99D /* OSEContactsHandler.h */,
				13E1B916250A0D890029A99D /* OSEContactsHandler.m */,
				13E1B918250A0E0E0029A99D /* EVAContactsComponentVersion.h */,
				13E1B919250A0E0E0029A99D /* EVAContactsComponentVersion.m */,
				13E1B91B250A0EB20029A99D /* OSEContactsComponentError.h */,
				13E1B91C250A0EB20029A99D /* OSEContactsComponentError.m */,
				13E1B91E250A16260029A99D /* Supporting Files */,
			);
			path = EVAContactsComponent;
			sourceTree = "<group>";
		};
		13E1B91E250A16260029A99D /* Supporting Files */ = {
			isa = PBXGroup;
			children = (
				1365BFF425ADC27600B30808 /* CuemeDevLibrary */,
			);
			path = "Supporting Files";
			sourceTree = "<group>";
		};
/* End PBXGroup section */

/* Begin PBXNativeTarget section */
		13E1B908250A0D0D0029A99D /* EVAContactsComponent */ = {
			isa = PBXNativeTarget;
			buildConfigurationList = 13E1B912250A0D0D0029A99D /* Build configuration list for PBXNativeTarget "EVAContactsComponent" */;
			buildPhases = (
				13E1B905250A0D0D0029A99D /* Sources */,
				13E1B906250A0D0D0029A99D /* Frameworks */,
				13E1B907250A0D0D0029A99D /* CopyFiles */,
			);
			buildRules = (
			);
			dependencies = (
			);
			name = EVAContactsComponent;
			productName = EVAContactsComponent;
			productReference = 13E1B909250A0D0D0029A99D /* libEVAContactsComponent.a */;
			productType = "com.apple.product-type.library.static";
		};
/* End PBXNativeTarget section */

/* Begin PBXProject section */
		13E1B901250A0D0D0029A99D /* Project object */ = {
			isa = PBXProject;
			attributes = {
				LastUpgradeCheck = 1200;
				TargetAttributes = {
					13E1B908250A0D0D0029A99D = {
						CreatedOnToolsVersion = 12.0;
					};
				};
			};
			buildConfigurationList = 13E1B904250A0D0D0029A99D /* Build configuration list for PBXProject "EVAContactsComponent" */;
			compatibilityVersion = "Xcode 9.3";
			developmentRegion = en;
			hasScannedForEncodings = 0;
			knownRegions = (
				en,
				Base,
			);
			mainGroup = 13E1B900250A0D0D0029A99D;
			productRefGroup = 13E1B90A250A0D0D0029A99D /* Products */;
			projectDirPath = "";
			projectRoot = "";
			targets = (
				13E1B908250A0D0D0029A99D /* EVAContactsComponent */,
			);
		};
/* End PBXProject section */

/* Begin PBXSourcesBuildPhase section */
		13E1B905250A0D0D0029A99D /* Sources */ = {
			isa = PBXSourcesBuildPhase;
			buildActionMask = 2147483647;
			files = (
				13E1B91A250A0E0E0029A99D /* EVAContactsComponentVersion.m in Sources */,
				13E1B91D250A0EB20029A99D /* OSEContactsComponentError.m in Sources */,
				13E1B90E250A0D0D0029A99D /* EVAContactsComponent.m in Sources */,
				13E1B917250A0D890029A99D /* OSEContactsHandler.m in Sources */,
			);
			runOnlyForDeploymentPostprocessing = 0;
		};
/* End PBXSourcesBuildPhase section */

/* Begin XCBuildConfiguration section */
		13E1B910250A0D0D0029A99D /* Debug */ = {
			isa = XCBuildConfiguration;
			buildSettings = {
				ALWAYS_SEARCH_USER_PATHS = NO;
				CLANG_ANALYZER_NONNULL = YES;
				CLANG_ANALYZER_NUMBER_OBJECT_CONVERSION = YES_AGGRESSIVE;
				CLANG_CXX_LANGUAGE_STANDARD = "gnu++14";
				CLANG_CXX_LIBRARY = "libc++";
				CLANG_ENABLE_MODULES = YES;
				CLANG_ENABLE_OBJC_ARC = YES;
				CLANG_ENABLE_OBJC_WEAK = YES;
				CLANG_WARN_BLOCK_CAPTURE_AUTORELEASING = YES;
				CLANG_WARN_BOOL_CONVERSION = YES;
				CLANG_WARN_COMMA = YES;
				CLANG_WARN_CONSTANT_CONVERSION = YES;
				CLANG_WARN_DEPRECATED_OBJC_IMPLEMENTATIONS = YES;
				CLANG_WARN_DIRECT_OBJC_ISA_USAGE = YES_ERROR;
				CLANG_WARN_DOCUMENTATION_COMMENTS = YES;
				CLANG_WARN_EMPTY_BODY = YES;
				CLANG_WARN_ENUM_CONVERSION = YES;
				CLANG_WARN_INFINITE_RECURSION = YES;
				CLANG_WARN_INT_CONVERSION = YES;
				CLANG_WARN_NON_LITERAL_NULL_CONVERSION = YES;
				CLANG_WARN_OBJC_IMPLICIT_RETAIN_SELF = YES;
				CLANG_WARN_OBJC_LITERAL_CONVERSION = YES;
				CLANG_WARN_OBJC_ROOT_CLASS = YES_ERROR;
				CLANG_WARN_QUOTED_INCLUDE_IN_FRAMEWORK_HEADER = YES;
				CLANG_WARN_RANGE_LOOP_ANALYSIS = YES;
				CLANG_WARN_STRICT_PROTOTYPES = YES;
				CLANG_WARN_SUSPICIOUS_MOVE = YES;
				CLANG_WARN_UNGUARDED_AVAILABILITY = YES_AGGRESSIVE;
				CLANG_WARN_UNREACHABLE_CODE = YES;
				CLANG_WARN__DUPLICATE_METHOD_MATCH = YES;
				COPY_PHASE_STRIP = NO;
				DEBUG_INFORMATION_FORMAT = dwarf;
				ENABLE_STRICT_OBJC_MSGSEND = YES;
				ENABLE_TESTABILITY = YES;
				GCC_C_LANGUAGE_STANDARD = gnu11;
				GCC_DYNAMIC_NO_PIC = NO;
				GCC_NO_COMMON_BLOCKS = YES;
				GCC_OPTIMIZATION_LEVEL = 0;
				GCC_PREPROCESSOR_DEFINITIONS = (
					"DEBUG=1",
					"$(inherited)",
				);
				GCC_WARN_64_TO_32_BIT_CONVERSION = YES;
				GCC_WARN_ABOUT_RETURN_TYPE = YES_ERROR;
				GCC_WARN_UNDECLARED_SELECTOR = YES;
				GCC_WARN_UNINITIALIZED_AUTOS = YES_AGGRESSIVE;
				GCC_WARN_UNUSED_FUNCTION = YES;
				GCC_WARN_UNUSED_VARIABLE = YES;
				IPHONEOS_DEPLOYMENT_TARGET = 12.0;
				MTL_ENABLE_DEBUG_INFO = INCLUDE_SOURCE;
				MTL_FAST_MATH = YES;
				ONLY_ACTIVE_ARCH = YES;
				SDKROOT = iphoneos;
			};
			name = Debug;
		};
		13E1B911250A0D0D0029A99D /* Release */ = {
			isa = XCBuildConfiguration;
			buildSettings = {
				ALWAYS_SEARCH_USER_PATHS = NO;
				CLANG_ANALYZER_NONNULL = YES;
				CLANG_ANALYZER_NUMBER_OBJECT_CONVERSION = YES_AGGRESSIVE;
				CLANG_CXX_LANGUAGE_STANDARD = "gnu++14";
				CLANG_CXX_LIBRARY = "libc++";
				CLANG_ENABLE_MODULES = YES;
				CLANG_ENABLE_OBJC_ARC = YES;
				CLANG_ENABLE_OBJC_WEAK = YES;
				CLANG_WARN_BLOCK_CAPTURE_AUTORELEASING = YES;
				CLANG_WARN_BOOL_CONVERSION = YES;
				CLANG_WARN_COMMA = YES;
				CLANG_WARN_CONSTANT_CONVERSION = YES;
				CLANG_WARN_DEPRECATED_OBJC_IMPLEMENTATIONS = YES;
				CLANG_WARN_DIRECT_OBJC_ISA_USAGE = YES_ERROR;
				CLANG_WARN_DOCUMENTATION_COMMENTS = YES;
				CLANG_WARN_EMPTY_BODY = YES;
				CLANG_WARN_ENUM_CONVERSION = YES;
				CLANG_WARN_INFINITE_RECURSION = YES;
				CLANG_WARN_INT_CONVERSION = YES;
				CLANG_WARN_NON_LITERAL_NULL_CONVERSION = YES;
				CLANG_WARN_OBJC_IMPLICIT_RETAIN_SELF = YES;
				CLANG_WARN_OBJC_LITERAL_CONVERSION = YES;
				CLANG_WARN_OBJC_ROOT_CLASS = YES_ERROR;
				CLANG_WARN_QUOTED_INCLUDE_IN_FRAMEWORK_HEADER = YES;
				CLANG_WARN_RANGE_LOOP_ANALYSIS = YES;
				CLANG_WARN_STRICT_PROTOTYPES = YES;
				CLANG_WARN_SUSPICIOUS_MOVE = YES;
				CLANG_WARN_UNGUARDED_AVAILABILITY = YES_AGGRESSIVE;
				CLANG_WARN_UNREACHABLE_CODE = YES;
				CLANG_WARN__DUPLICATE_METHOD_MATCH = YES;
				COPY_PHASE_STRIP = NO;
				DEBUG_INFORMATION_FORMAT = "dwarf-with-dsym";
				ENABLE_NS_ASSERTIONS = NO;
				ENABLE_STRICT_OBJC_MSGSEND = YES;
				GCC_C_LANGUAGE_STANDARD = gnu11;
				GCC_NO_COMMON_BLOCKS = YES;
				GCC_WARN_64_TO_32_BIT_CONVERSION = YES;
				GCC_WARN_ABOUT_RETURN_TYPE = YES_ERROR;
				GCC_WARN_UNDECLARED_SELECTOR = YES;
				GCC_WARN_UNINITIALIZED_AUTOS = YES_AGGRESSIVE;
				GCC_WARN_UNUSED_FUNCTION = YES;
				GCC_WARN_UNUSED_VARIABLE = YES;
				IPHONEOS_DEPLOYMENT_TARGET = 12.0;
				MTL_ENABLE_DEBUG_INFO = NO;
				MTL_FAST_MATH = YES;
				SDKROOT = iphoneos;
				VALIDATE_PRODUCT = YES;
			};
			name = Release;
		};
		13E1B913250A0D0D0029A99D /* Debug */ = {
			isa = XCBuildConfiguration;
			buildSettings = {
				CODE_SIGN_STYLE = Automatic;
				OTHER_LDFLAGS = "-ObjC";
				PRODUCT_NAME = "$(TARGET_NAME)";
				SKIP_INSTALL = YES;
				TARGETED_DEVICE_FAMILY = "1,2";
			};
			name = Debug;
		};
		13E1B914250A0D0D0029A99D /* Release */ = {
			isa = XCBuildConfiguration;
			buildSettings = {
				CODE_SIGN_STYLE = Automatic;
				OTHER_LDFLAGS = "-ObjC";
				PRODUCT_NAME = "$(TARGET_NAME)";
				SKIP_INSTALL = YES;
				TARGETED_DEVICE_FAMILY = "1,2";
			};
			name = Release;
		};
/* End XCBuildConfiguration section */

/* Begin XCConfigurationList section */
		13E1B904250A0D0D0029A99D /* Build configuration list for PBXProject "EVAContactsComponent" */ = {
			isa = XCConfigurationList;
			buildConfigurations = (
				13E1B910250A0D0D0029A99D /* Debug */,
				13E1B911250A0D0D0029A99D /* Release */,
			);
			defaultConfigurationIsVisible = 0;
			defaultConfigurationName = Release;
		};
		13E1B912250A0D0D0029A99D /* Build configuration list for PBXNativeTarget "EVAContactsComponent" */ = {
			isa = XCConfigurationList;
			buildConfigurations = (
				13E1B913250A0D0D0029A99D /* Debug */,
				13E1B914250A0D0D0029A99D /* Release */,
			);
			defaultConfigurationIsVisible = 0;
			defaultConfigurationName = Release;
		};
/* End XCConfigurationList section */
	};
	rootObject = 13E1B901250A0D0D0029A99D /* Project object */;
}
