// !$*UTF8*$!
{
	archiveVersion = 1;
	classes = {
	};
	objectVersion = 50;
	objects = {

/* Begin PBXBuildFile section */
		13E1B90E250A0D0D0029A99D /* EVAContactsComponent.m in Sources */ = {isa = PBXBuildFile; fileRef = 13E1B90D250A0D0D0029A99D /* EVAContactsComponent.m */; };
		13E1B90F250A0D0D0029A99D /* EVAContactsComponent.h in CopyFiles */ = {isa = PBXBuildFile; fileRef = 13E1B90C250A0D0D0029A99D /* EVAContactsComponent.h */; };
		13E1B917250A0D890029A99D /* OSEContactsHandler.m in Sources */ = {isa = PBXBuildFile; fileRef = 13E1B916250A0D890029A99D /* OSEContactsHandler.m */; };
		13E1B91A250A0E0E0029A99D /* EVAContactsComponentVersion.m in Sources */ = {isa = PBXBuildFile; fileRef = 13E1B919250A0E0E0029A99D /* EVAContactsComponentVersion.m */; };
		13E1B91D250A0EB20029A99D /* OSEContactsComponentError.m in Sources */ = {isa = PBXBuildFile; fileRef = 13E1B91C250A0EB20029A99D /* OSEContactsComponentError.m */; };
/* End PBXBuildFile section */

/* Begin PBXCopyFilesBuildPhase section */
		13E1B907250A0D0D0029A99D /* CopyFiles */ = {
			isa = PBXCopyFilesBuildPhase;
			buildActionMask = 2147483647;
			dstPath = "include/$(PRODUCT_NAME)";
			dstSubfolderSpec = 16;
			files = (
				13E1B90F250A0D0D0029A99D /* EVAContactsComponent.h in CopyFiles */,
			);
			runOnlyForDeploymentPostprocessing = 0;
		};
/* End PBXCopyFilesBuildPhase section */

/* Begin PBXFileReference section */
		13E1B909250A0D0D0029A99D /* libEVAContactsComponent.a */ = {isa = PBXFileReference; explicitFileType = archive.ar; includeInIndex = 0; path = libEVAContactsComponent.a; sourceTree = BUILT_PRODUCTS_DIR; };
		13E1B90C250A0D0D0029A99D /* EVAContactsComponent.h */ = {isa = PBXFileReference; lastKnownFileType = sourcecode.c.h; path = EVAContactsComponent.h; sourceTree = "<group>"; };
		13E1B90D250A0D0D0029A99D /* EVAContactsComponent.m */ = {isa = PBXFileReference; lastKnownFileType = sourcecode.c.objc; path = EVAContactsComponent.m; sourceTree = "<group>"; };
		13E1B915250A0D890029A99D /* OSEContactsHandler.h */ = {isa = PBXFileReference; lastKnownFileType = sourcecode.c.h; path = OSEContactsHandler.h; sourceTree = "<group>"; };
		13E1B916250A0D890029A99D /* OSEContactsHandler.m */ = {isa = PBXFileReference; lastKnownFileType = sourcecode.c.objc; path = OSEContactsHandler.m; sourceTree = "<group>"; };
		13E1B918250A0E0E0029A99D /* EVAContactsComponentVersion.h */ = {isa = PBXFileReference; fileEncoding = 4; lastKnownFileType = sourcecode.c.h; path = EVAContactsComponentVersion.h; sourceTree = "<group>"; };
		13E1B919250A0E0E0029A99D /* EVAContactsComponentVersion.m */ = {isa = PBXFileReference; fileEncoding = 4; lastKnownFileType = sourcecode.c.objc; path = EVAContactsComponentVersion.m; sourceTree = "<group>"; };
		13E1B91B250A0EB20029A99D /* OSEContactsComponentError.h */ = {isa = PBXFileReference; fileEncoding = 4; lastKnownFileType = sourcecode.c.h; path = OSEContactsComponentError.h; sourceTree = "<group>"; };
		13E1B91C250A0EB20029A99D /* OSEContactsComponentError.m */ = {isa = PBXFileReference; fileEncoding = 4; lastKnownFileType = sourcecode.c.objc; path = OSEContactsComponentError.m; sourceTree = "<group>"; };
		13F8A17C250A173A00CC45BC /* JSONUtils.h */ = {isa = PBXFileReference; lastKnownFileType = sourcecode.c.h; path = JSONUtils.h; sourceTree = "<group>"; };
		13F8A17D250A173A00CC45BC /* MessageProcessor.h */ = {isa = PBXFileReference; lastKnownFileType = sourcecode.c.h; path = MessageProcessor.h; sourceTree = "<group>"; };
		13F8A17E250A173A00CC45BC /* IURLHandler.h */ = {isa = PBXFileReference; lastKnownFileType = sourcecode.c.h; path = IURLHandler.h; sourceTree = "<group>"; };
		13F8A17F250A173A00CC45BC /* ApplicationUtil.h */ = {isa = PBXFileReference; lastKnownFileType = sourcecode.c.h; path = ApplicationUtil.h; sourceTree = "<group>"; };
		13F8A180250A173A00CC45BC /* PropertyReader.h */ = {isa = PBXFileReference; lastKnownFileType = sourcecode.c.h; path = PropertyReader.h; sourceTree = "<group>"; };
		13F8A181250A173A00CC45BC /* URLAgent.h */ = {isa = PBXFileReference; lastKnownFileType = sourcecode.c.h; path = URLAgent.h; sourceTree = "<group>"; };
		13F8A182250A173A00CC45BC /* FileUtils.h */ = {isa = PBXFileReference; lastKnownFileType = sourcecode.c.h; path = FileUtils.h; sourceTree = "<group>"; };
		13F8A183250A173A00CC45BC /* IResourceEncryptionHandler.h */ = {isa = PBXFileReference; lastKnownFileType = sourcecode.c.h; path = IResourceEncryptionHandler.h; sourceTree = "<group>"; };
		13F8A184250A173A00CC45BC /* Base64Util.h */ = {isa = PBXFileReference; lastKnownFileType = sourcecode.c.h; path = Base64Util.h; sourceTree = "<group>"; };
		13F8A185250A173A00CC45BC /* StringUtil.h */ = {isa = PBXFileReference; lastKnownFileType = sourcecode.c.h; path = StringUtil.h; sourceTree = "<group>"; };
		13F8A186250A173A00CC45BC /* IUrlCallback.h */ = {isa = PBXFileReference; lastKnownFileType = sourcecode.c.h; path = IUrlCallback.h; sourceTree = "<group>"; };
		13F8A187250A173A00CC45BC /* JSONObject.h */ = {isa = PBXFileReference; lastKnownFileType = sourcecode.c.h; path = JSONObject.h; sourceTree = "<group>"; };
		13F8A188250A173A00CC45BC /* Database.h */ = {isa = PBXFileReference; lastKnownFileType = sourcecode.c.h; path = Database.h; sourceTree = "<group>"; };
		13F8A189250A173A00CC45BC /* JSONArray.h */ = {isa = PBXFileReference; lastKnownFileType = sourcecode.c.h; path = JSONArray.h; sourceTree = "<group>"; };
		13F8A18A250A173A00CC45BC /* HttpAgent.h */ = {isa = PBXFileReference; lastKnownFileType = sourcecode.c.h; path = HttpAgent.h; sourceTree = "<group>"; };
		13F8A18B250A173A00CC45BC /* URLUtils.h */ = {isa = PBXFileReference; lastKnownFileType = sourcecode.c.h; path = URLUtils.h; sourceTree = "<group>"; };
		13F8A18C250A173A00CC45BC /* MessageQueue.h */ = {isa = PBXFileReference; lastKnownFileType = sourcecode.c.h; path = MessageQueue.h; sourceTree = "<group>"; };
		13F8A18D250A173A00CC45BC /* IApplicationContext.h */ = {isa = PBXFileReference; lastKnownFileType = sourcecode.c.h; path = IApplicationContext.h; sourceTree = "<group>"; };
		13F8A18E250A173A00CC45BC /* QueryResults.h */ = {isa = PBXFileReference; lastKnownFileType = sourcecode.c.h; path = QueryResults.h; sourceTree = "<group>"; };
		13F8A18F250A173A00CC45BC /* Logger.h */ = {isa = PBXFileReference; lastKnownFileType = sourcecode.c.h; path = Logger.h; sourceTree = "<group>"; };
		13F8A190250A173A00CC45BC /* DMUtils.h */ = {isa = PBXFileReference; lastKnownFileType = sourcecode.c.h; path = DMUtils.h; sourceTree = "<group>"; };
		13F8A191250A173A00CC45BC /* CoreDevUtil.h */ = {isa = PBXFileReference; lastKnownFileType = sourcecode.c.h; path = CoreDevUtil.h; sourceTree = "<group>"; };
		13F8A192250A173A00CC45BC /* StoreManager.h */ = {isa = PBXFileReference; lastKnownFileType = sourcecode.c.h; path = StoreManager.h; sourceTree = "<group>"; };
		13F8A194250A173A00CC45BC /* ICuemeAuthenticator.h */ = {isa = PBXFileReference; lastKnownFileType = sourcecode.c.h; path = ICuemeAuthenticator.h; sourceTree = "<group>"; };
		13F8A195250A173A00CC45BC /* IContainerSplash.h */ = {isa = PBXFileReference; lastKnownFileType = sourcecode.c.h; path = IContainerSplash.h; sourceTree = "<group>"; };
		13F8A196250A173A00CC45BC /* CuemeAnalytics.h */ = {isa = PBXFileReference; lastKnownFileType = sourcecode.c.h; path = CuemeAnalytics.h; sourceTree = "<group>"; };
		13F8A197250A173A00CC45BC /* CuemeWorkbench.h */ = {isa = PBXFileReference; lastKnownFileType = sourcecode.c.h; path = CuemeWorkbench.h; sourceTree = "<group>"; };
		13F8A199250A173A00CC45BC /* AudioUtil.h */ = {isa = PBXFileReference; lastKnownFileType = sourcecode.c.h; path = AudioUtil.h; sourceTree = "<group>"; };
		13F8A19A250A173A00CC45BC /* BarcodeView.h */ = {isa = PBXFileReference; lastKnownFileType = sourcecode.c.h; path = BarcodeView.h; sourceTree = "<group>"; };
		13F8A19B250A173A00CC45BC /* TTSDelegate.h */ = {isa = PBXFileReference; lastKnownFileType = sourcecode.c.h; path = TTSDelegate.h; sourceTree = "<group>"; };
		13F8A19C250A173A00CC45BC /* CameraHandlerDelegate.h */ = {isa = PBXFileReference; lastKnownFileType = sourcecode.c.h; path = CameraHandlerDelegate.h; sourceTree = "<group>"; };
		13F8A19D250A173A00CC45BC /* SpeechEncoding.h */ = {isa = PBXFileReference; lastKnownFileType = sourcecode.c.h; path = SpeechEncoding.h; sourceTree = "<group>"; };
		13F8A19E250A173A00CC45BC /* CameraHandler.h */ = {isa = PBXFileReference; lastKnownFileType = sourcecode.c.h; path = CameraHandler.h; sourceTree = "<group>"; };
		13F8A19F250A173A00CC45BC /* CameraBarcodeScanner.h */ = {isa = PBXFileReference; lastKnownFileType = sourcecode.c.h; path = CameraBarcodeScanner.h; sourceTree = "<group>"; };
		13F8A1A0250A173A00CC45BC /* AudioRecorder.h */ = {isa = PBXFileReference; lastKnownFileType = sourcecode.c.h; path = AudioRecorder.h; sourceTree = "<group>"; };
		13F8A1A1250A173A00CC45BC /* BarcodeScannerDelegate.h */ = {isa = PBXFileReference; lastKnownFileType = sourcecode.c.h; path = BarcodeScannerDelegate.h; sourceTree = "<group>"; };
		13F8A1A2250A173A00CC45BC /* IPlayerCallback.h */ = {isa = PBXFileReference; lastKnownFileType = sourcecode.c.h; path = IPlayerCallback.h; sourceTree = "<group>"; };
		13F8A1A3250A173A00CC45BC /* AudioPlayer.h */ = {isa = PBXFileReference; lastKnownFileType = sourcecode.c.h; path = AudioPlayer.h; sourceTree = "<group>"; };
		13F8A1A4250A173A00CC45BC /* TonePlayer.h */ = {isa = PBXFileReference; lastKnownFileType = sourcecode.c.h; path = TonePlayer.h; sourceTree = "<group>"; };
		13F8A1A5250A173A00CC45BC /* ImageUtils.h */ = {isa = PBXFileReference; lastKnownFileType = sourcecode.c.h; path = ImageUtils.h; sourceTree = "<group>"; };
		13F8A1A6250A173A00CC45BC /* BarcodeUIDelegate.h */ = {isa = PBXFileReference; lastKnownFileType = sourcecode.c.h; path = BarcodeUIDelegate.h; sourceTree = "<group>"; };
		13F8A1A7250A173A00CC45BC /* iOSLocalTTSPlayer.h */ = {isa = PBXFileReference; lastKnownFileType = sourcecode.c.h; path = iOSLocalTTSPlayer.h; sourceTree = "<group>"; };
		13F8A1A8250A173A00CC45BC /* IRecorderCallback.h */ = {isa = PBXFileReference; lastKnownFileType = sourcecode.c.h; path = IRecorderCallback.h; sourceTree = "<group>"; };
		13F8A1A9250A173A00CC45BC /* BarcodeScannerProvider.h */ = {isa = PBXFileReference; lastKnownFileType = sourcecode.c.h; path = BarcodeScannerProvider.h; sourceTree = "<group>"; };
		13F8A1AB250A173A00CC45BC /* IM.h */ = {isa = PBXFileReference; lastKnownFileType = sourcecode.c.h; path = IM.h; sourceTree = "<group>"; };
		13F8A1AC250A173A00CC45BC /* IMEvent.h */ = {isa = PBXFileReference; lastKnownFileType = sourcecode.c.h; path = IMEvent.h; sourceTree = "<group>"; };
		13F8A1AD250A173A00CC45BC /* IIMComponent.h */ = {isa = PBXFileReference; lastKnownFileType = sourcecode.c.h; path = IIMComponent.h; sourceTree = "<group>"; };
		13F8A1AE250A173A00CC45BC /* IIMComponentVersion.h */ = {isa = PBXFileReference; lastKnownFileType = sourcecode.c.h; path = IIMComponentVersion.h; sourceTree = "<group>"; };
/* End PBXFileReference section */

/* Begin PBXFrameworksBuildPhase section */
		13E1B906250A0D0D0029A99D /* Frameworks */ = {
			isa = PBXFrameworksBuildPhase;
			buildActionMask = 2147483647;
			files = (
			);
			runOnlyForDeploymentPostprocessing = 0;
		};
/* End PBXFrameworksBuildPhase section */

/* Begin PBXGroup section */
		13E1B900250A0D0D0029A99D = {
			isa = PBXGroup;
			children = (
				13E1B90B250A0D0D0029A99D /* EVAContactsComponent */,
				13E1B90A250A0D0D0029A99D /* Products */,
			);
			sourceTree = "<group>";
		};
		13E1B90A250A0D0D0029A99D /* Products */ = {
			isa = PBXGroup;
			children = (
				13E1B909250A0D0D0029A99D /* libEVAContactsComponent.a */,
			);
			name = Products;
			sourceTree = "<group>";
		};
		13E1B90B250A0D0D0029A99D /* EVAContactsComponent */ = {
			isa = PBXGroup;
			children = (
				13E1B90C250A0D0D0029A99D /* EVAContactsComponent.h */,
				13E1B90D250A0D0D0029A99D /* EVAContactsComponent.m */,
				13E1B915250A0D890029A99D /* OSEContactsHandler.h */,
				13E1B916250A0D890029A99D /* OSEContactsHandler.m */,
				13E1B918250A0E0E0029A99D /* EVAContactsComponentVersion.h */,
				13E1B919250A0E0E0029A99D /* EVAContactsComponentVersion.m */,
				13E1B91B250A0EB20029A99D /* OSEContactsComponentError.h */,
				13E1B91C250A0EB20029A99D /* OSEContactsComponentError.m */,
				13E1B91E250A16260029A99D /* Supporting Files */,
			);
			path = EVAContactsComponent;
			sourceTree = "<group>";
		};
		13E1B91E250A16260029A99D /* Supporting Files */ = {
			isa = PBXGroup;
			children = (
				13F8A17A250A173A00CC45BC /* CuemeDevLibrary */,
			);
			path = "Supporting Files";
			sourceTree = "<group>";
		};
		13F8A17A250A173A00CC45BC /* CuemeDevLibrary */ = {
			isa = PBXGroup;
			children = (
				13F8A17B250A173A00CC45BC /* CuemeUtils */,
				13F8A193250A173A00CC45BC /* CuemeWorkbench */,
				13F8A198250A173A00CC45BC /* CuemePlatformUtil */,
				13F8A1AA250A173A00CC45BC /* IM */,
			);
			name = CuemeDevLibrary;
			path = ../../../CuemeBuild/headers/CuemeDevLibrary;
			sourceTree = "<group>";
		};
		13F8A17B250A173A00CC45BC /* CuemeUtils */ = {
			isa = PBXGroup;
			children = (
				13F8A17C250A173A00CC45BC /* JSONUtils.h */,
				13F8A17D250A173A00CC45BC /* MessageProcessor.h */,
				13F8A17E250A173A00CC45BC /* IURLHandler.h */,
				13F8A17F250A173A00CC45BC /* ApplicationUtil.h */,
				13F8A180250A173A00CC45BC /* PropertyReader.h */,
				13F8A181250A173A00CC45BC /* URLAgent.h */,
				13F8A182250A173A00CC45BC /* FileUtils.h */,
				13F8A183250A173A00CC45BC /* IResourceEncryptionHandler.h */,
				13F8A184250A173A00CC45BC /* Base64Util.h */,
				13F8A185250A173A00CC45BC /* StringUtil.h */,
				13F8A186250A173A00CC45BC /* IUrlCallback.h */,
				13F8A187250A173A00CC45BC /* JSONObject.h */,
				13F8A188250A173A00CC45BC /* Database.h */,
				13F8A189250A173A00CC45BC /* JSONArray.h */,
				13F8A18A250A173A00CC45BC /* HttpAgent.h */,
				13F8A18B250A173A00CC45BC /* URLUtils.h */,
				13F8A18C250A173A00CC45BC /* MessageQueue.h */,
				13F8A18D250A173A00CC45BC /* IApplicationContext.h */,
				13F8A18E250A173A00CC45BC /* QueryResults.h */,
				13F8A18F250A173A00CC45BC /* Logger.h */,
				13F8A190250A173A00CC45BC /* DMUtils.h */,
				13F8A191250A173A00CC45BC /* CoreDevUtil.h */,
				13F8A192250A173A00CC45BC /* StoreManager.h */,
			);
			path = CuemeUtils;
			sourceTree = "<group>";
		};
		13F8A193250A173A00CC45BC /* CuemeWorkbench */ = {
			isa = PBXGroup;
			children = (
				13F8A194250A173A00CC45BC /* ICuemeAuthenticator.h */,
				13F8A195250A173A00CC45BC /* IContainerSplash.h */,
				13F8A196250A173A00CC45BC /* CuemeAnalytics.h */,
				13F8A197250A173A00CC45BC /* CuemeWorkbench.h */,
			);
			path = CuemeWorkbench;
			sourceTree = "<group>";
		};
		13F8A198250A173A00CC45BC /* CuemePlatformUtil */ = {
			isa = PBXGroup;
			children = (
				13F8A199250A173A00CC45BC /* AudioUtil.h */,
				13F8A19A250A173A00CC45BC /* BarcodeView.h */,
				13F8A19B250A173A00CC45BC /* TTSDelegate.h */,
				13F8A19C250A173A00CC45BC /* CameraHandlerDelegate.h */,
				13F8A19D250A173A00CC45BC /* SpeechEncoding.h */,
				13F8A19E250A173A00CC45BC /* CameraHandler.h */,
				13F8A19F250A173A00CC45BC /* CameraBarcodeScanner.h */,
				13F8A1A0250A173A00CC45BC /* AudioRecorder.h */,
				13F8A1A1250A173A00CC45BC /* BarcodeScannerDelegate.h */,
				13F8A1A2250A173A00CC45BC /* IPlayerCallback.h */,
				13F8A1A3250A173A00CC45BC /* AudioPlayer.h */,
				13F8A1A4250A173A00CC45BC /* TonePlayer.h */,
				13F8A1A5250A173A00CC45BC /* ImageUtils.h */,
				13F8A1A6250A173A00CC45BC /* BarcodeUIDelegate.h */,
				13F8A1A7250A173A00CC45BC /* iOSLocalTTSPlayer.h */,
				13F8A1A8250A173A00CC45BC /* IRecorderCallback.h */,
				13F8A1A9250A173A00CC45BC /* BarcodeScannerProvider.h */,
			);
			path = CuemePlatformUtil;
			sourceTree = "<group>";
		};
		13F8A1AA250A173A00CC45BC /* IM */ = {
			isa = PBXGroup;
			children = (
				13F8A1AB250A173A00CC45BC /* IM.h */,
				13F8A1AC250A173A00CC45BC /* IMEvent.h */,
				13F8A1AD250A173A00CC45BC /* IIMComponent.h */,
				13F8A1AE250A173A00CC45BC /* IIMComponentVersion.h */,
			);
			path = IM;
			sourceTree = "<group>";
		};
/* End PBXGroup section */

/* Begin PBXNativeTarget section */
		13E1B908250A0D0D0029A99D /* EVAContactsComponent */ = {
			isa = PBXNativeTarget;
			buildConfigurationList = 13E1B912250A0D0D0029A99D /* Build configuration list for PBXNativeTarget "EVAContactsComponent" */;
			buildPhases = (
				13E1B905250A0D0D0029A99D /* Sources */,
				13E1B906250A0D0D0029A99D /* Frameworks */,
				13E1B907250A0D0D0029A99D /* CopyFiles */,
			);
			buildRules = (
			);
			dependencies = (
			);
			name = EVAContactsComponent;
			productName = EVAContactsComponent;
			productReference = 13E1B909250A0D0D0029A99D /* libEVAContactsComponent.a */;
			productType = "com.apple.product-type.library.static";
		};
/* End PBXNativeTarget section */

/* Begin PBXProject section */
		13E1B901250A0D0D0029A99D /* Project object */ = {
			isa = PBXProject;
			attributes = {
				LastUpgradeCheck = 1200;
				TargetAttributes = {
					13E1B908250A0D0D0029A99D = {
						CreatedOnToolsVersion = 12.0;
					};
				};
			};
			buildConfigurationList = 13E1B904250A0D0D0029A99D /* Build configuration list for PBXProject "EVAContactsComponent" */;
			compatibilityVersion = "Xcode 9.3";
			developmentRegion = en;
			hasScannedForEncodings = 0;
			knownRegions = (
				en,
				Base,
			);
			mainGroup = 13E1B900250A0D0D0029A99D;
			productRefGroup = 13E1B90A250A0D0D0029A99D /* Products */;
			projectDirPath = "";
			projectRoot = "";
			targets = (
				13E1B908250A0D0D0029A99D /* EVAContactsComponent */,
			);
		};
/* End PBXProject section */

/* Begin PBXSourcesBuildPhase section */
		13E1B905250A0D0D0029A99D /* Sources */ = {
			isa = PBXSourcesBuildPhase;
			buildActionMask = 2147483647;
			files = (
				13E1B91A250A0E0E0029A99D /* EVAContactsComponentVersion.m in Sources */,
				13E1B91D250A0EB20029A99D /* OSEContactsComponentError.m in Sources */,
				13E1B90E250A0D0D0029A99D /* EVAContactsComponent.m in Sources */,
				13E1B917250A0D890029A99D /* OSEContactsHandler.m in Sources */,
			);
			runOnlyForDeploymentPostprocessing = 0;
		};
/* End PBXSourcesBuildPhase section */

/* Begin XCBuildConfiguration section */
		13E1B910250A0D0D0029A99D /* Debug */ = {
			isa = XCBuildConfiguration;
			buildSettings = {
				ALWAYS_SEARCH_USER_PATHS = NO;
				CLANG_ANALYZER_NONNULL = YES;
				CLANG_ANALYZER_NUMBER_OBJECT_CONVERSION = YES_AGGRESSIVE;
				CLANG_CXX_LANGUAGE_STANDARD = "gnu++14";
				CLANG_CXX_LIBRARY = "libc++";
				CLANG_ENABLE_MODULES = YES;
				CLANG_ENABLE_OBJC_ARC = YES;
				CLANG_ENABLE_OBJC_WEAK = YES;
				CLANG_WARN_BLOCK_CAPTURE_AUTORELEASING = YES;
				CLANG_WARN_BOOL_CONVERSION = YES;
				CLANG_WARN_COMMA = YES;
				CLANG_WARN_CONSTANT_CONVERSION = YES;
				CLANG_WARN_DEPRECATED_OBJC_IMPLEMENTATIONS = YES;
				CLANG_WARN_DIRECT_OBJC_ISA_USAGE = YES_ERROR;
				CLANG_WARN_DOCUMENTATION_COMMENTS = YES;
				CLANG_WARN_EMPTY_BODY = YES;
				CLANG_WARN_ENUM_CONVERSION = YES;
				CLANG_WARN_INFINITE_RECURSION = YES;
				CLANG_WARN_INT_CONVERSION = YES;
				CLANG_WARN_NON_LITERAL_NULL_CONVERSION = YES;
				CLANG_WARN_OBJC_IMPLICIT_RETAIN_SELF = YES;
				CLANG_WARN_OBJC_LITERAL_CONVERSION = YES;
				CLANG_WARN_OBJC_ROOT_CLASS = YES_ERROR;
				CLANG_WARN_QUOTED_INCLUDE_IN_FRAMEWORK_HEADER = YES;
				CLANG_WARN_RANGE_LOOP_ANALYSIS = YES;
				CLANG_WARN_STRICT_PROTOTYPES = YES;
				CLANG_WARN_SUSPICIOUS_MOVE = YES;
				CLANG_WARN_UNGUARDED_AVAILABILITY = YES_AGGRESSIVE;
				CLANG_WARN_UNREACHABLE_CODE = YES;
				CLANG_WARN__DUPLICATE_METHOD_MATCH = YES;
				COPY_PHASE_STRIP = NO;
				DEBUG_INFORMATION_FORMAT = dwarf;
				ENABLE_STRICT_OBJC_MSGSEND = YES;
				ENABLE_TESTABILITY = YES;
				GCC_C_LANGUAGE_STANDARD = gnu11;
				GCC_DYNAMIC_NO_PIC = NO;
				GCC_NO_COMMON_BLOCKS = YES;
				GCC_OPTIMIZATION_LEVEL = 0;
				GCC_PREPROCESSOR_DEFINITIONS = (
					"DEBUG=1",
					"$(inherited)",
				);
				GCC_WARN_64_TO_32_BIT_CONVERSION = YES;
				GCC_WARN_ABOUT_RETURN_TYPE = YES_ERROR;
				GCC_WARN_UNDECLARED_SELECTOR = YES;
				GCC_WARN_UNINITIALIZED_AUTOS = YES_AGGRESSIVE;
				GCC_WARN_UNUSED_FUNCTION = YES;
				GCC_WARN_UNUSED_VARIABLE = YES;
				IPHONEOS_DEPLOYMENT_TARGET = 12.0;
				MTL_ENABLE_DEBUG_INFO = INCLUDE_SOURCE;
				MTL_FAST_MATH = YES;
				ONLY_ACTIVE_ARCH = YES;
				SDKROOT = iphoneos;
			};
			name = Debug;
		};
		13E1B911250A0D0D0029A99D /* Release */ = {
			isa = XCBuildConfiguration;
			buildSettings = {
				ALWAYS_SEARCH_USER_PATHS = NO;
				CLANG_ANALYZER_NONNULL = YES;
				CLANG_ANALYZER_NUMBER_OBJECT_CONVERSION = YES_AGGRESSIVE;
				CLANG_CXX_LANGUAGE_STANDARD = "gnu++14";
				CLANG_CXX_LIBRARY = "libc++";
				CLANG_ENABLE_MODULES = YES;
				CLANG_ENABLE_OBJC_ARC = YES;
				CLANG_ENABLE_OBJC_WEAK = YES;
				CLANG_WARN_BLOCK_CAPTURE_AUTORELEASING = YES;
				CLANG_WARN_BOOL_CONVERSION = YES;
				CLANG_WARN_COMMA = YES;
				CLANG_WARN_CONSTANT_CONVERSION = YES;
				CLANG_WARN_DEPRECATED_OBJC_IMPLEMENTATIONS = YES;
				CLANG_WARN_DIRECT_OBJC_ISA_USAGE = YES_ERROR;
				CLANG_WARN_DOCUMENTATION_COMMENTS = YES;
				CLANG_WARN_EMPTY_BODY = YES;
				CLANG_WARN_ENUM_CONVERSION = YES;
				CLANG_WARN_INFINITE_RECURSION = YES;
				CLANG_WARN_INT_CONVERSION = YES;
				CLANG_WARN_NON_LITERAL_NULL_CONVERSION = YES;
				CLANG_WARN_OBJC_IMPLICIT_RETAIN_SELF = YES;
				CLANG_WARN_OBJC_LITERAL_CONVERSION = YES;
				CLANG_WARN_OBJC_ROOT_CLASS = YES_ERROR;
				CLANG_WARN_QUOTED_INCLUDE_IN_FRAMEWORK_HEADER = YES;
				CLANG_WARN_RANGE_LOOP_ANALYSIS = YES;
				CLANG_WARN_STRICT_PROTOTYPES = YES;
				CLANG_WARN_SUSPICIOUS_MOVE = YES;
				CLANG_WARN_UNGUARDED_AVAILABILITY = YES_AGGRESSIVE;
				CLANG_WARN_UNREACHABLE_CODE = YES;
				CLANG_WARN__DUPLICATE_METHOD_MATCH = YES;
				COPY_PHASE_STRIP = NO;
				DEBUG_INFORMATION_FORMAT = "dwarf-with-dsym";
				ENABLE_NS_ASSERTIONS = NO;
				ENABLE_STRICT_OBJC_MSGSEND = YES;
				GCC_C_LANGUAGE_STANDARD = gnu11;
				GCC_NO_COMMON_BLOCKS = YES;
				GCC_WARN_64_TO_32_BIT_CONVERSION = YES;
				GCC_WARN_ABOUT_RETURN_TYPE = YES_ERROR;
				GCC_WARN_UNDECLARED_SELECTOR = YES;
				GCC_WARN_UNINITIALIZED_AUTOS = YES_AGGRESSIVE;
				GCC_WARN_UNUSED_FUNCTION = YES;
				GCC_WARN_UNUSED_VARIABLE = YES;
				IPHONEOS_DEPLOYMENT_TARGET = 12.0;
				MTL_ENABLE_DEBUG_INFO = NO;
				MTL_FAST_MATH = YES;
				SDKROOT = iphoneos;
				VALIDATE_PRODUCT = YES;
			};
			name = Release;
		};
		13E1B913250A0D0D0029A99D /* Debug */ = {
			isa = XCBuildConfiguration;
			buildSettings = {
				CODE_SIGN_STYLE = Automatic;
				OTHER_LDFLAGS = "-ObjC";
				PRODUCT_NAME = "$(TARGET_NAME)";
				SKIP_INSTALL = YES;
				TARGETED_DEVICE_FAMILY = "1,2";
			};
			name = Debug;
		};
		13E1B914250A0D0D0029A99D /* Release */ = {
			isa = XCBuildConfiguration;
			buildSettings = {
				CODE_SIGN_STYLE = Automatic;
				OTHER_LDFLAGS = "-ObjC";
				PRODUCT_NAME = "$(TARGET_NAME)";
				SKIP_INSTALL = YES;
				TARGETED_DEVICE_FAMILY = "1,2";
			};
			name = Release;
		};
/* End XCBuildConfiguration section */

/* Begin XCConfigurationList section */
		13E1B904250A0D0D0029A99D /* Build configuration list for PBXProject "EVAContactsComponent" */ = {
			isa = XCConfigurationList;
			buildConfigurations = (
				13E1B910250A0D0D0029A99D /* Debug */,
				13E1B911250A0D0D0029A99D /* Release */,
			);
			defaultConfigurationIsVisible = 0;
			defaultConfigurationName = Release;
		};
		13E1B912250A0D0D0029A99D /* Build configuration list for PBXNativeTarget "EVAContactsComponent" */ = {
			isa = XCConfigurationList;
			buildConfigurations = (
				13E1B913250A0D0D0029A99D /* Debug */,
				13E1B914250A0D0D0029A99D /* Release */,
			);
			defaultConfigurationIsVisible = 0;
			defaultConfigurationName = Release;
		};
/* End XCConfigurationList section */
	};
	rootObject = 13E1B901250A0D0D0029A99D /* Project object */;
}
